// !$*UTF8*$!
{
	archiveVersion = 1;
	classes = {
	};
	objectVersion = 48;
	objects = {

/* Begin PBXBuildFile section */
		2C44C8B820EC5CE500ABD85D /* UIView+Category.m in Sources */ = {isa = PBXBuildFile; fileRef = 2C44C8B720EC5CE500ABD85D /* UIView+Category.m */; };
		2C44C8BC20EC61B400ABD85D /* CKYSBusinessCollegeBannerCell.m in Sources */ = {isa = PBXBuildFile; fileRef = 2C44C8BB20EC61B400ABD85D /* CKYSBusinessCollegeBannerCell.m */; };
		2CC1D6A820EB05E10088CFA4 /* AppDelegate.m in Sources */ = {isa = PBXBuildFile; fileRef = 2CC1D6A720EB05E10088CFA4 /* AppDelegate.m */; };
		2CC1D6AB20EB05E10088CFA4 /* ViewController.m in Sources */ = {isa = PBXBuildFile; fileRef = 2CC1D6AA20EB05E10088CFA4 /* ViewController.m */; };
		2CC1D6B620EB05E10088CFA4 /* main.m in Sources */ = {isa = PBXBuildFile; fileRef = 2CC1D6B520EB05E10088CFA4 /* main.m */; };
		2CC1D6C020EB05E10088CFA4 /* CKYSTests.m in Sources */ = {isa = PBXBuildFile; fileRef = 2CC1D6BF20EB05E10088CFA4 /* CKYSTests.m */; };
		2CC1D6CB20EB05E10088CFA4 /* CKYSUITests.m in Sources */ = {isa = PBXBuildFile; fileRef = 2CC1D6CA20EB05E10088CFA4 /* CKYSUITests.m */; };
		2CC1D6D920EB06520088CFA4 /* Images.xcassets in Resources */ = {isa = PBXBuildFile; fileRef = 2CC1D6D820EB06520088CFA4 /* Images.xcassets */; };
		2CC1D6E120EB09940088CFA4 /* CKYSBusinessCollegeViewController.m in Sources */ = {isa = PBXBuildFile; fileRef = 2CC1D6E020EB09940088CFA4 /* CKYSBusinessCollegeViewController.m */; };
		2CC1D6E420EB099C0088CFA4 /* CKYSBusinessCollegeTableView.m in Sources */ = {isa = PBXBuildFile; fileRef = 2CC1D6E220EB099C0088CFA4 /* CKYSBusinessCollegeTableView.m */; };
		2CC1D73A20EB0A0B0088CFA4 /* CKYSBusinessCollegeFreshListCell.m in Sources */ = {isa = PBXBuildFile; fileRef = 2CC1D73520EB0A0B0088CFA4 /* CKYSBusinessCollegeFreshListCell.m */; };
		2CC1D73B20EB0A0B0088CFA4 /* CKYSBusinessCollegeFreshListItemCell.m in Sources */ = {isa = PBXBuildFile; fileRef = 2CC1D73720EB0A0B0088CFA4 /* CKYSBusinessCollegeFreshListItemCell.m */; };
		2CC1D73C20EB0A0B0088CFA4 /* CKYSBusinessCollegeFreshListItem.m in Sources */ = {isa = PBXBuildFile; fileRef = 2CC1D73920EB0A0B0088CFA4 /* CKYSBusinessCollegeFreshListItem.m */; };
		2CC1D74520EB0A210088CFA4 /* CKYSBusinessCollegeWorkplaceItem.m in Sources */ = {isa = PBXBuildFile; fileRef = 2CC1D74020EB0A200088CFA4 /* CKYSBusinessCollegeWorkplaceItem.m */; };
		2CC1D74620EB0A210088CFA4 /* CKYSBusinessCollegeWorkplaceItemCell.m in Sources */ = {isa = PBXBuildFile; fileRef = 2CC1D74220EB0A200088CFA4 /* CKYSBusinessCollegeWorkplaceItemCell.m */; };
		2CC1D74720EB0A210088CFA4 /* CKYSBusinessCollegeWorkplaceCell.m in Sources */ = {isa = PBXBuildFile; fileRef = 2CC1D74420EB0A200088CFA4 /* CKYSBusinessCollegeWorkplaceCell.m */; };
		2CC1D74F20EB122F0088CFA4 /* UILabel+Category.m in Sources */ = {isa = PBXBuildFile; fileRef = 2CC1D74E20EB122F0088CFA4 /* UILabel+Category.m */; };
		2CC1D75320EB16750088CFA4 /* CKYSBusinessCollegeExcellentCourseCell.m in Sources */ = {isa = PBXBuildFile; fileRef = 2CC1D75220EB16750088CFA4 /* CKYSBusinessCollegeExcellentCourseCell.m */; };
		2CC1D75720EB17830088CFA4 /* CKYSBusinessCollegeExcellentCourseItemCell.m in Sources */ = {isa = PBXBuildFile; fileRef = 2CC1D75620EB17830088CFA4 /* CKYSBusinessCollegeExcellentCourseItemCell.m */; };
		2CC1D75B20EB1BE80088CFA4 /* CKYSBusinessCollegeTitleMoreButtonView.m in Sources */ = {isa = PBXBuildFile; fileRef = 2CC1D75A20EB1BE80088CFA4 /* CKYSBusinessCollegeTitleMoreButtonView.m */; };
		2CC1D76320EB299B0088CFA4 /* CKYSBusinessCollegeExcellentCourseItem.m in Sources */ = {isa = PBXBuildFile; fileRef = 2CC1D76220EB299B0088CFA4 /* CKYSBusinessCollegeExcellentCourseItem.m */; };
		2CC1D76720EB47800088CFA4 /* CKYSBusinessCollegeFamousTeacherCell.m in Sources */ = {isa = PBXBuildFile; fileRef = 2CC1D76620EB47800088CFA4 /* CKYSBusinessCollegeFamousTeacherCell.m */; };
		2CC1D76A20EB47A60088CFA4 /* CKYSBusinessCollegeFamousTeacherItemCell.m in Sources */ = {isa = PBXBuildFile; fileRef = 2CC1D76920EB47A60088CFA4 /* CKYSBusinessCollegeFamousTeacherItemCell.m */; };
		2CC1D76F20EB4B090088CFA4 /* CKYSBusinessCollegeFamousTeacherItem.m in Sources */ = {isa = PBXBuildFile; fileRef = 2CC1D76E20EB4B090088CFA4 /* CKYSBusinessCollegeFamousTeacherItem.m */; };
		C5B1230BEAAA55C57C40C784 /* libPods-CKYS.a in Frameworks */ = {isa = PBXBuildFile; fileRef = 0FD9513738C930D2354EC1CC /* libPods-CKYS.a */; };
/* End PBXBuildFile section */

/* Begin PBXContainerItemProxy section */
		2CC1D6BC20EB05E10088CFA4 /* PBXContainerItemProxy */ = {
			isa = PBXContainerItemProxy;
			containerPortal = 2CC1D69B20EB05E10088CFA4 /* Project object */;
			proxyType = 1;
			remoteGlobalIDString = 2CC1D6A220EB05E10088CFA4;
			remoteInfo = CKYS;
		};
		2CC1D6C720EB05E10088CFA4 /* PBXContainerItemProxy */ = {
			isa = PBXContainerItemProxy;
			containerPortal = 2CC1D69B20EB05E10088CFA4 /* Project object */;
			proxyType = 1;
			remoteGlobalIDString = 2CC1D6A220EB05E10088CFA4;
			remoteInfo = CKYS;
		};
/* End PBXContainerItemProxy section */

/* Begin PBXFileReference section */
		0FD9513738C930D2354EC1CC /* libPods-CKYS.a */ = {isa = PBXFileReference; explicitFileType = archive.ar; includeInIndex = 0; path = "libPods-CKYS.a"; sourceTree = BUILT_PRODUCTS_DIR; };
		2C44C8B420EC578F00ABD85D /* CKYSBusinessCollegeTableViewCellTypeConst.h */ = {isa = PBXFileReference; fileEncoding = 4; lastKnownFileType = sourcecode.c.h; path = CKYSBusinessCollegeTableViewCellTypeConst.h; sourceTree = "<group>"; };
		2C44C8B520EC5C5E00ABD85D /* CKYSBusinessCollegeTableViewCellConst.h */ = {isa = PBXFileReference; lastKnownFileType = sourcecode.c.h; path = CKYSBusinessCollegeTableViewCellConst.h; sourceTree = "<group>"; };
		2C44C8B620EC5CE500ABD85D /* UIView+Category.h */ = {isa = PBXFileReference; lastKnownFileType = sourcecode.c.h; path = "UIView+Category.h"; sourceTree = "<group>"; };
		2C44C8B720EC5CE500ABD85D /* UIView+Category.m */ = {isa = PBXFileReference; lastKnownFileType = sourcecode.c.objc; path = "UIView+Category.m"; sourceTree = "<group>"; };
		2C44C8BA20EC61B400ABD85D /* CKYSBusinessCollegeBannerCell.h */ = {isa = PBXFileReference; lastKnownFileType = sourcecode.c.h; path = CKYSBusinessCollegeBannerCell.h; sourceTree = "<group>"; };
		2C44C8BB20EC61B400ABD85D /* CKYSBusinessCollegeBannerCell.m */ = {isa = PBXFileReference; lastKnownFileType = sourcecode.c.objc; path = CKYSBusinessCollegeBannerCell.m; sourceTree = "<group>"; };
		2C44C8BD20EC61F500ABD85D /* CKYSBusinessCollegeBannerCellDelegate.h */ = {isa = PBXFileReference; lastKnownFileType = sourcecode.c.h; path = CKYSBusinessCollegeBannerCellDelegate.h; sourceTree = "<group>"; };
		2CC1D6A320EB05E10088CFA4 /* CKYS.app */ = {isa = PBXFileReference; explicitFileType = wrapper.application; includeInIndex = 0; path = CKYS.app; sourceTree = BUILT_PRODUCTS_DIR; };
		2CC1D6A620EB05E10088CFA4 /* AppDelegate.h */ = {isa = PBXFileReference; lastKnownFileType = sourcecode.c.h; path = AppDelegate.h; sourceTree = "<group>"; };
		2CC1D6A720EB05E10088CFA4 /* AppDelegate.m */ = {isa = PBXFileReference; lastKnownFileType = sourcecode.c.objc; path = AppDelegate.m; sourceTree = "<group>"; };
		2CC1D6A920EB05E10088CFA4 /* ViewController.h */ = {isa = PBXFileReference; lastKnownFileType = sourcecode.c.h; path = ViewController.h; sourceTree = "<group>"; };
		2CC1D6AA20EB05E10088CFA4 /* ViewController.m */ = {isa = PBXFileReference; lastKnownFileType = sourcecode.c.objc; path = ViewController.m; sourceTree = "<group>"; };
		2CC1D6B420EB05E10088CFA4 /* Info.plist */ = {isa = PBXFileReference; lastKnownFileType = text.plist.xml; path = Info.plist; sourceTree = "<group>"; };
		2CC1D6B520EB05E10088CFA4 /* main.m */ = {isa = PBXFileReference; lastKnownFileType = sourcecode.c.objc; path = main.m; sourceTree = "<group>"; };
		2CC1D6BB20EB05E10088CFA4 /* CKYSTests.xctest */ = {isa = PBXFileReference; explicitFileType = wrapper.cfbundle; includeInIndex = 0; path = CKYSTests.xctest; sourceTree = BUILT_PRODUCTS_DIR; };
		2CC1D6BF20EB05E10088CFA4 /* CKYSTests.m */ = {isa = PBXFileReference; lastKnownFileType = sourcecode.c.objc; path = CKYSTests.m; sourceTree = "<group>"; };
		2CC1D6C120EB05E10088CFA4 /* Info.plist */ = {isa = PBXFileReference; lastKnownFileType = text.plist.xml; path = Info.plist; sourceTree = "<group>"; };
		2CC1D6C620EB05E10088CFA4 /* CKYSUITests.xctest */ = {isa = PBXFileReference; explicitFileType = wrapper.cfbundle; includeInIndex = 0; path = CKYSUITests.xctest; sourceTree = BUILT_PRODUCTS_DIR; };
		2CC1D6CA20EB05E10088CFA4 /* CKYSUITests.m */ = {isa = PBXFileReference; lastKnownFileType = sourcecode.c.objc; path = CKYSUITests.m; sourceTree = "<group>"; };
		2CC1D6CC20EB05E10088CFA4 /* Info.plist */ = {isa = PBXFileReference; lastKnownFileType = text.plist.xml; path = Info.plist; sourceTree = "<group>"; };
		2CC1D6D820EB06520088CFA4 /* Images.xcassets */ = {isa = PBXFileReference; lastKnownFileType = folder.assetcatalog; path = Images.xcassets; sourceTree = "<group>"; };
		2CC1D6DF20EB09940088CFA4 /* CKYSBusinessCollegeViewController.h */ = {isa = PBXFileReference; fileEncoding = 4; lastKnownFileType = sourcecode.c.h; path = CKYSBusinessCollegeViewController.h; sourceTree = "<group>"; };
		2CC1D6E020EB09940088CFA4 /* CKYSBusinessCollegeViewController.m */ = {isa = PBXFileReference; fileEncoding = 4; lastKnownFileType = sourcecode.c.objc; path = CKYSBusinessCollegeViewController.m; sourceTree = "<group>"; };
		2CC1D6E220EB099C0088CFA4 /* CKYSBusinessCollegeTableView.m */ = {isa = PBXFileReference; fileEncoding = 4; lastKnownFileType = sourcecode.c.objc; path = CKYSBusinessCollegeTableView.m; sourceTree = "<group>"; };
		2CC1D6E320EB099C0088CFA4 /* CKYSBusinessCollegeTableView.h */ = {isa = PBXFileReference; fileEncoding = 4; lastKnownFileType = sourcecode.c.h; path = CKYSBusinessCollegeTableView.h; sourceTree = "<group>"; };
		2CC1D73120EB09C50088CFA4 /* Common.h */ = {isa = PBXFileReference; fileEncoding = 4; lastKnownFileType = sourcecode.c.h; path = Common.h; sourceTree = "<group>"; };
		2CC1D73320EB0A0B0088CFA4 /* CKYSBusinessCollegeFreshListCellDelegate.h */ = {isa = PBXFileReference; fileEncoding = 4; lastKnownFileType = sourcecode.c.h; path = CKYSBusinessCollegeFreshListCellDelegate.h; sourceTree = "<group>"; };
		2CC1D73420EB0A0B0088CFA4 /* CKYSBusinessCollegeFreshListItemCell.h */ = {isa = PBXFileReference; fileEncoding = 4; lastKnownFileType = sourcecode.c.h; path = CKYSBusinessCollegeFreshListItemCell.h; sourceTree = "<group>"; };
		2CC1D73520EB0A0B0088CFA4 /* CKYSBusinessCollegeFreshListCell.m */ = {isa = PBXFileReference; fileEncoding = 4; lastKnownFileType = sourcecode.c.objc; path = CKYSBusinessCollegeFreshListCell.m; sourceTree = "<group>"; };
		2CC1D73620EB0A0B0088CFA4 /* CKYSBusinessCollegeFreshListItem.h */ = {isa = PBXFileReference; fileEncoding = 4; lastKnownFileType = sourcecode.c.h; path = CKYSBusinessCollegeFreshListItem.h; sourceTree = "<group>"; };
		2CC1D73720EB0A0B0088CFA4 /* CKYSBusinessCollegeFreshListItemCell.m */ = {isa = PBXFileReference; fileEncoding = 4; lastKnownFileType = sourcecode.c.objc; path = CKYSBusinessCollegeFreshListItemCell.m; sourceTree = "<group>"; };
		2CC1D73820EB0A0B0088CFA4 /* CKYSBusinessCollegeFreshListCell.h */ = {isa = PBXFileReference; fileEncoding = 4; lastKnownFileType = sourcecode.c.h; path = CKYSBusinessCollegeFreshListCell.h; sourceTree = "<group>"; };
		2CC1D73920EB0A0B0088CFA4 /* CKYSBusinessCollegeFreshListItem.m */ = {isa = PBXFileReference; fileEncoding = 4; lastKnownFileType = sourcecode.c.objc; path = CKYSBusinessCollegeFreshListItem.m; sourceTree = "<group>"; };
		2CC1D73E20EB0A200088CFA4 /* CKYSBusinessCollegeWorkplaceCellDelegate.h */ = {isa = PBXFileReference; fileEncoding = 4; lastKnownFileType = sourcecode.c.h; path = CKYSBusinessCollegeWorkplaceCellDelegate.h; sourceTree = "<group>"; };
		2CC1D73F20EB0A200088CFA4 /* CKYSBusinessCollegeWorkplaceItem.h */ = {isa = PBXFileReference; fileEncoding = 4; lastKnownFileType = sourcecode.c.h; path = CKYSBusinessCollegeWorkplaceItem.h; sourceTree = "<group>"; };
		2CC1D74020EB0A200088CFA4 /* CKYSBusinessCollegeWorkplaceItem.m */ = {isa = PBXFileReference; fileEncoding = 4; lastKnownFileType = sourcecode.c.objc; path = CKYSBusinessCollegeWorkplaceItem.m; sourceTree = "<group>"; };
		2CC1D74120EB0A200088CFA4 /* CKYSBusinessCollegeWorkplaceCell.h */ = {isa = PBXFileReference; fileEncoding = 4; lastKnownFileType = sourcecode.c.h; path = CKYSBusinessCollegeWorkplaceCell.h; sourceTree = "<group>"; };
		2CC1D74220EB0A200088CFA4 /* CKYSBusinessCollegeWorkplaceItemCell.m */ = {isa = PBXFileReference; fileEncoding = 4; lastKnownFileType = sourcecode.c.objc; path = CKYSBusinessCollegeWorkplaceItemCell.m; sourceTree = "<group>"; };
		2CC1D74320EB0A200088CFA4 /* CKYSBusinessCollegeWorkplaceItemCell.h */ = {isa = PBXFileReference; fileEncoding = 4; lastKnownFileType = sourcecode.c.h; path = CKYSBusinessCollegeWorkplaceItemCell.h; sourceTree = "<group>"; };
		2CC1D74420EB0A200088CFA4 /* CKYSBusinessCollegeWorkplaceCell.m */ = {isa = PBXFileReference; fileEncoding = 4; lastKnownFileType = sourcecode.c.objc; path = CKYSBusinessCollegeWorkplaceCell.m; sourceTree = "<group>"; };
		2CC1D74D20EB122F0088CFA4 /* UILabel+Category.h */ = {isa = PBXFileReference; fileEncoding = 4; lastKnownFileType = sourcecode.c.h; path = "UILabel+Category.h"; sourceTree = "<group>"; };
		2CC1D74E20EB122F0088CFA4 /* UILabel+Category.m */ = {isa = PBXFileReference; fileEncoding = 4; lastKnownFileType = sourcecode.c.objc; path = "UILabel+Category.m"; sourceTree = "<group>"; };
		2CC1D75120EB16750088CFA4 /* CKYSBusinessCollegeExcellentCourseCell.h */ = {isa = PBXFileReference; lastKnownFileType = sourcecode.c.h; path = CKYSBusinessCollegeExcellentCourseCell.h; sourceTree = "<group>"; };
		2CC1D75220EB16750088CFA4 /* CKYSBusinessCollegeExcellentCourseCell.m */ = {isa = PBXFileReference; lastKnownFileType = sourcecode.c.objc; path = CKYSBusinessCollegeExcellentCourseCell.m; sourceTree = "<group>"; };
		2CC1D75420EB16A80088CFA4 /* CKYSBusinessCollegeExcellentCourseCellDelegate.h */ = {isa = PBXFileReference; lastKnownFileType = sourcecode.c.h; path = CKYSBusinessCollegeExcellentCourseCellDelegate.h; sourceTree = "<group>"; };
		2CC1D75520EB17830088CFA4 /* CKYSBusinessCollegeExcellentCourseItemCell.h */ = {isa = PBXFileReference; lastKnownFileType = sourcecode.c.h; path = CKYSBusinessCollegeExcellentCourseItemCell.h; sourceTree = "<group>"; };
		2CC1D75620EB17830088CFA4 /* CKYSBusinessCollegeExcellentCourseItemCell.m */ = {isa = PBXFileReference; lastKnownFileType = sourcecode.c.objc; path = CKYSBusinessCollegeExcellentCourseItemCell.m; sourceTree = "<group>"; };
		2CC1D75920EB1BE80088CFA4 /* CKYSBusinessCollegeTitleMoreButtonView.h */ = {isa = PBXFileReference; lastKnownFileType = sourcecode.c.h; path = CKYSBusinessCollegeTitleMoreButtonView.h; sourceTree = "<group>"; };
		2CC1D75A20EB1BE80088CFA4 /* CKYSBusinessCollegeTitleMoreButtonView.m */ = {isa = PBXFileReference; lastKnownFileType = sourcecode.c.objc; path = CKYSBusinessCollegeTitleMoreButtonView.m; sourceTree = "<group>"; };
		2CC1D76120EB299B0088CFA4 /* CKYSBusinessCollegeExcellentCourseItem.h */ = {isa = PBXFileReference; lastKnownFileType = sourcecode.c.h; path = CKYSBusinessCollegeExcellentCourseItem.h; sourceTree = "<group>"; };
		2CC1D76220EB299B0088CFA4 /* CKYSBusinessCollegeExcellentCourseItem.m */ = {isa = PBXFileReference; lastKnownFileType = sourcecode.c.objc; path = CKYSBusinessCollegeExcellentCourseItem.m; sourceTree = "<group>"; };
		2CC1D76520EB47800088CFA4 /* CKYSBusinessCollegeFamousTeacherCell.h */ = {isa = PBXFileReference; lastKnownFileType = sourcecode.c.h; path = CKYSBusinessCollegeFamousTeacherCell.h; sourceTree = "<group>"; };
		2CC1D76620EB47800088CFA4 /* CKYSBusinessCollegeFamousTeacherCell.m */ = {isa = PBXFileReference; lastKnownFileType = sourcecode.c.objc; path = CKYSBusinessCollegeFamousTeacherCell.m; sourceTree = "<group>"; };
		2CC1D76820EB47A60088CFA4 /* CKYSBusinessCollegeFamousTeacherItemCell.h */ = {isa = PBXFileReference; lastKnownFileType = sourcecode.c.h; path = CKYSBusinessCollegeFamousTeacherItemCell.h; sourceTree = "<group>"; };
		2CC1D76920EB47A60088CFA4 /* CKYSBusinessCollegeFamousTeacherItemCell.m */ = {isa = PBXFileReference; lastKnownFileType = sourcecode.c.objc; path = CKYSBusinessCollegeFamousTeacherItemCell.m; sourceTree = "<group>"; };
		2CC1D76B20EB47C10088CFA4 /* CKYSBusinessCollegeFamousTeacherCellDelegate.h */ = {isa = PBXFileReference; lastKnownFileType = sourcecode.c.h; path = CKYSBusinessCollegeFamousTeacherCellDelegate.h; sourceTree = "<group>"; };
		2CC1D76D20EB4B090088CFA4 /* CKYSBusinessCollegeFamousTeacherItem.h */ = {isa = PBXFileReference; lastKnownFileType = sourcecode.c.h; path = CKYSBusinessCollegeFamousTeacherItem.h; sourceTree = "<group>"; };
		2CC1D76E20EB4B090088CFA4 /* CKYSBusinessCollegeFamousTeacherItem.m */ = {isa = PBXFileReference; lastKnownFileType = sourcecode.c.objc; path = CKYSBusinessCollegeFamousTeacherItem.m; sourceTree = "<group>"; };
		2CC1D77020EB59AD0088CFA4 /* CKYSBusinessCollegeTitleMoreButtonViewDelegate.h */ = {isa = PBXFileReference; lastKnownFileType = sourcecode.c.h; path = CKYSBusinessCollegeTitleMoreButtonViewDelegate.h; sourceTree = "<group>"; };
		575EC7C9280CF5C7FCA1F68A /* Pods-CKYS.release.xcconfig */ = {isa = PBXFileReference; includeInIndex = 1; lastKnownFileType = text.xcconfig; name = "Pods-CKYS.release.xcconfig"; path = "Pods/Target Support Files/Pods-CKYS/Pods-CKYS.release.xcconfig"; sourceTree = "<group>"; };
		6C1B781BDA07FBA5822D3D3E /* Pods-CKYS.debug.xcconfig */ = {isa = PBXFileReference; includeInIndex = 1; lastKnownFileType = text.xcconfig; name = "Pods-CKYS.debug.xcconfig"; path = "Pods/Target Support Files/Pods-CKYS/Pods-CKYS.debug.xcconfig"; sourceTree = "<group>"; };
/* End PBXFileReference section */

/* Begin PBXFrameworksBuildPhase section */
		2CC1D6A020EB05E10088CFA4 /* Frameworks */ = {
			isa = PBXFrameworksBuildPhase;
			buildActionMask = 2147483647;
			files = (
				C5B1230BEAAA55C57C40C784 /* libPods-CKYS.a in Frameworks */,
			);
			runOnlyForDeploymentPostprocessing = 0;
		};
		2CC1D6B820EB05E10088CFA4 /* Frameworks */ = {
			isa = PBXFrameworksBuildPhase;
			buildActionMask = 2147483647;
			files = (
			);
			runOnlyForDeploymentPostprocessing = 0;
		};
		2CC1D6C320EB05E10088CFA4 /* Frameworks */ = {
			isa = PBXFrameworksBuildPhase;
			buildActionMask = 2147483647;
			files = (
			);
			runOnlyForDeploymentPostprocessing = 0;
		};
/* End PBXFrameworksBuildPhase section */

/* Begin PBXGroup section */
		2C44C8B920EC5F9C00ABD85D /* Banner */ = {
			isa = PBXGroup;
			children = (
				2C44C8BA20EC61B400ABD85D /* CKYSBusinessCollegeBannerCell.h */,
				2C44C8BB20EC61B400ABD85D /* CKYSBusinessCollegeBannerCell.m */,
				2C44C8BD20EC61F500ABD85D /* CKYSBusinessCollegeBannerCellDelegate.h */,
			);
			path = Banner;
			sourceTree = "<group>";
		};
		2CC1D69A20EB05E10088CFA4 = {
			isa = PBXGroup;
			children = (
				2CC1D6A520EB05E10088CFA4 /* CKYS */,
				2CC1D6BE20EB05E10088CFA4 /* CKYSTests */,
				2CC1D6C920EB05E10088CFA4 /* CKYSUITests */,
				2CC1D6A420EB05E10088CFA4 /* Products */,
				CA1EE5A53012773A13903E6E /* Pods */,
				4865B4A625A48E3E75AB479E /* Frameworks */,
			);
			sourceTree = "<group>";
		};
		2CC1D6A420EB05E10088CFA4 /* Products */ = {
			isa = PBXGroup;
			children = (
				2CC1D6A320EB05E10088CFA4 /* CKYS.app */,
				2CC1D6BB20EB05E10088CFA4 /* CKYSTests.xctest */,
				2CC1D6C620EB05E10088CFA4 /* CKYSUITests.xctest */,
			);
			name = Products;
			sourceTree = "<group>";
		};
		2CC1D6A520EB05E10088CFA4 /* CKYS */ = {
			isa = PBXGroup;
			children = (
				2CC1D6DC20EB08FD0088CFA4 /* AppDelegate */,
				2CC1D74820EB0DA70088CFA4 /* BusinessCollege */,
				2CC1D74B20EB12090088CFA4 /* ThirdLib */,
				2CC1D73120EB09C50088CFA4 /* Common.h */,
				2CC1D6B420EB05E10088CFA4 /* Info.plist */,
				2CC1D6B520EB05E10088CFA4 /* main.m */,
				2CC1D6D820EB06520088CFA4 /* Images.xcassets */,
			);
			path = CKYS;
			sourceTree = "<group>";
		};
		2CC1D6BE20EB05E10088CFA4 /* CKYSTests */ = {
			isa = PBXGroup;
			children = (
				2CC1D6BF20EB05E10088CFA4 /* CKYSTests.m */,
				2CC1D6C120EB05E10088CFA4 /* Info.plist */,
			);
			path = CKYSTests;
			sourceTree = "<group>";
		};
		2CC1D6C920EB05E10088CFA4 /* CKYSUITests */ = {
			isa = PBXGroup;
			children = (
				2CC1D6CA20EB05E10088CFA4 /* CKYSUITests.m */,
				2CC1D6CC20EB05E10088CFA4 /* Info.plist */,
			);
			path = CKYSUITests;
			sourceTree = "<group>";
		};
		2CC1D6DC20EB08FD0088CFA4 /* AppDelegate */ = {
			isa = PBXGroup;
			children = (
				2CC1D6A620EB05E10088CFA4 /* AppDelegate.h */,
				2CC1D6A720EB05E10088CFA4 /* AppDelegate.m */,
			);
			path = AppDelegate;
			sourceTree = "<group>";
		};
		2CC1D6DD20EB090E0088CFA4 /* ViewController */ = {
			isa = PBXGroup;
			children = (
				2CC1D6DF20EB09940088CFA4 /* CKYSBusinessCollegeViewController.h */,
				2CC1D6E020EB09940088CFA4 /* CKYSBusinessCollegeViewController.m */,
				2CC1D6A920EB05E10088CFA4 /* ViewController.h */,
				2CC1D6AA20EB05E10088CFA4 /* ViewController.m */,
			);
			name = ViewController;
			path = "New Group";
			sourceTree = "<group>";
		};
		2CC1D6DE20EB09780088CFA4 /* View */ = {
			isa = PBXGroup;
			children = (
				2CC1D75820EB1B950088CFA4 /* TitleMoreButton */,
				2CC1D74920EB0DC80088CFA4 /* TableView */,
				2CC1D74A20EB0DD50088CFA4 /* Cell */,
			);
			path = View;
			sourceTree = "<group>";
		};
		2CC1D73220EB09F60088CFA4 /* FreshList */ = {
			isa = PBXGroup;
			children = (
				2CC1D73820EB0A0B0088CFA4 /* CKYSBusinessCollegeFreshListCell.h */,
				2CC1D73520EB0A0B0088CFA4 /* CKYSBusinessCollegeFreshListCell.m */,
				2CC1D73320EB0A0B0088CFA4 /* CKYSBusinessCollegeFreshListCellDelegate.h */,
				2CC1D73420EB0A0B0088CFA4 /* CKYSBusinessCollegeFreshListItemCell.h */,
				2CC1D73720EB0A0B0088CFA4 /* CKYSBusinessCollegeFreshListItemCell.m */,
			);
			path = FreshList;
			sourceTree = "<group>";
		};
		2CC1D73D20EB0A0F0088CFA4 /* Workplace */ = {
			isa = PBXGroup;
			children = (
				2CC1D74120EB0A200088CFA4 /* CKYSBusinessCollegeWorkplaceCell.h */,
				2CC1D74420EB0A200088CFA4 /* CKYSBusinessCollegeWorkplaceCell.m */,
				2CC1D73E20EB0A200088CFA4 /* CKYSBusinessCollegeWorkplaceCellDelegate.h */,
				2CC1D74320EB0A200088CFA4 /* CKYSBusinessCollegeWorkplaceItemCell.h */,
				2CC1D74220EB0A200088CFA4 /* CKYSBusinessCollegeWorkplaceItemCell.m */,
			);
			path = Workplace;
			sourceTree = "<group>";
		};
		2CC1D74820EB0DA70088CFA4 /* BusinessCollege */ = {
			isa = PBXGroup;
			children = (
				2CC1D75C20EB28FE0088CFA4 /* Item */,
				2CC1D6DD20EB090E0088CFA4 /* ViewController */,
				2CC1D6DE20EB09780088CFA4 /* View */,
			);
			path = BusinessCollege;
			sourceTree = "<group>";
		};
		2CC1D74920EB0DC80088CFA4 /* TableView */ = {
			isa = PBXGroup;
			children = (
				2CC1D6E320EB099C0088CFA4 /* CKYSBusinessCollegeTableView.h */,
				2CC1D6E220EB099C0088CFA4 /* CKYSBusinessCollegeTableView.m */,
				2C44C8B420EC578F00ABD85D /* CKYSBusinessCollegeTableViewCellTypeConst.h */,
				2C44C8B520EC5C5E00ABD85D /* CKYSBusinessCollegeTableViewCellConst.h */,
			);
			path = TableView;
			sourceTree = "<group>";
		};
		2CC1D74A20EB0DD50088CFA4 /* Cell */ = {
			isa = PBXGroup;
			children = (
				2C44C8B920EC5F9C00ABD85D /* Banner */,
				2CC1D73D20EB0A0F0088CFA4 /* Workplace */,
				2CC1D73220EB09F60088CFA4 /* FreshList */,
				2CC1D75020EB14470088CFA4 /* ExcellentCourse */,
				2CC1D76420EB471D0088CFA4 /* FamousTeacher */,
			);
			path = Cell;
			sourceTree = "<group>";
		};
		2CC1D74B20EB12090088CFA4 /* ThirdLib */ = {
			isa = PBXGroup;
			children = (
				2CC1D74C20EB12160088CFA4 /* Catogery */,
			);
			path = ThirdLib;
			sourceTree = "<group>";
		};
		2CC1D74C20EB12160088CFA4 /* Catogery */ = {
			isa = PBXGroup;
			children = (
				2CC1D74D20EB122F0088CFA4 /* UILabel+Category.h */,
				2CC1D74E20EB122F0088CFA4 /* UILabel+Category.m */,
				2C44C8B620EC5CE500ABD85D /* UIView+Category.h */,
				2C44C8B720EC5CE500ABD85D /* UIView+Category.m */,
			);
			path = Catogery;
			sourceTree = "<group>";
		};
		2CC1D75020EB14470088CFA4 /* ExcellentCourse */ = {
			isa = PBXGroup;
			children = (
				2CC1D75120EB16750088CFA4 /* CKYSBusinessCollegeExcellentCourseCell.h */,
				2CC1D75220EB16750088CFA4 /* CKYSBusinessCollegeExcellentCourseCell.m */,
				2CC1D75420EB16A80088CFA4 /* CKYSBusinessCollegeExcellentCourseCellDelegate.h */,
				2CC1D75520EB17830088CFA4 /* CKYSBusinessCollegeExcellentCourseItemCell.h */,
				2CC1D75620EB17830088CFA4 /* CKYSBusinessCollegeExcellentCourseItemCell.m */,
			);
			path = ExcellentCourse;
			sourceTree = "<group>";
		};
		2CC1D75820EB1B950088CFA4 /* TitleMoreButton */ = {
			isa = PBXGroup;
			children = (
				2CC1D75920EB1BE80088CFA4 /* CKYSBusinessCollegeTitleMoreButtonView.h */,
				2CC1D75A20EB1BE80088CFA4 /* CKYSBusinessCollegeTitleMoreButtonView.m */,
				2CC1D77020EB59AD0088CFA4 /* CKYSBusinessCollegeTitleMoreButtonViewDelegate.h */,
			);
			path = TitleMoreButton;
			sourceTree = "<group>";
		};
		2CC1D75C20EB28FE0088CFA4 /* Item */ = {
			isa = PBXGroup;
			children = (
				2CC1D75D20EB293B0088CFA4 /* Workplace */,
				2CC1D75F20EB29660088CFA4 /* FreshList */,
				2CC1D76020EB29850088CFA4 /* ExcellentCourse */,
				2CC1D76C20EB4ADD0088CFA4 /* FamousTeacher */,
			);
			path = Item;
			sourceTree = "<group>";
		};
		2CC1D75D20EB293B0088CFA4 /* Workplace */ = {
			isa = PBXGroup;
			children = (
				2CC1D73F20EB0A200088CFA4 /* CKYSBusinessCollegeWorkplaceItem.h */,
				2CC1D74020EB0A200088CFA4 /* CKYSBusinessCollegeWorkplaceItem.m */,
			);
			path = Workplace;
			sourceTree = "<group>";
		};
		2CC1D75F20EB29660088CFA4 /* FreshList */ = {
			isa = PBXGroup;
			children = (
				2CC1D73620EB0A0B0088CFA4 /* CKYSBusinessCollegeFreshListItem.h */,
				2CC1D73920EB0A0B0088CFA4 /* CKYSBusinessCollegeFreshListItem.m */,
			);
			path = FreshList;
			sourceTree = "<group>";
		};
		2CC1D76020EB29850088CFA4 /* ExcellentCourse */ = {
			isa = PBXGroup;
			children = (
				2CC1D76120EB299B0088CFA4 /* CKYSBusinessCollegeExcellentCourseItem.h */,
				2CC1D76220EB299B0088CFA4 /* CKYSBusinessCollegeExcellentCourseItem.m */,
			);
			path = ExcellentCourse;
			sourceTree = "<group>";
		};
		2CC1D76420EB471D0088CFA4 /* FamousTeacher */ = {
			isa = PBXGroup;
			children = (
				2CC1D76520EB47800088CFA4 /* CKYSBusinessCollegeFamousTeacherCell.h */,
				2CC1D76620EB47800088CFA4 /* CKYSBusinessCollegeFamousTeacherCell.m */,
				2CC1D76B20EB47C10088CFA4 /* CKYSBusinessCollegeFamousTeacherCellDelegate.h */,
				2CC1D76820EB47A60088CFA4 /* CKYSBusinessCollegeFamousTeacherItemCell.h */,
				2CC1D76920EB47A60088CFA4 /* CKYSBusinessCollegeFamousTeacherItemCell.m */,
			);
			path = FamousTeacher;
			sourceTree = "<group>";
		};
		2CC1D76C20EB4ADD0088CFA4 /* FamousTeacher */ = {
			isa = PBXGroup;
			children = (
				2CC1D76D20EB4B090088CFA4 /* CKYSBusinessCollegeFamousTeacherItem.h */,
				2CC1D76E20EB4B090088CFA4 /* CKYSBusinessCollegeFamousTeacherItem.m */,
			);
			path = FamousTeacher;
			sourceTree = "<group>";
		};
		4865B4A625A48E3E75AB479E /* Frameworks */ = {
			isa = PBXGroup;
			children = (
				0FD9513738C930D2354EC1CC /* libPods-CKYS.a */,
			);
			name = Frameworks;
			sourceTree = "<group>";
		};
		CA1EE5A53012773A13903E6E /* Pods */ = {
			isa = PBXGroup;
			children = (
				6C1B781BDA07FBA5822D3D3E /* Pods-CKYS.debug.xcconfig */,
				575EC7C9280CF5C7FCA1F68A /* Pods-CKYS.release.xcconfig */,
			);
			name = Pods;
			sourceTree = "<group>";
		};
/* End PBXGroup section */

/* Begin PBXNativeTarget section */
		2CC1D6A220EB05E10088CFA4 /* CKYS */ = {
			isa = PBXNativeTarget;
			buildConfigurationList = 2CC1D6CF20EB05E10088CFA4 /* Build configuration list for PBXNativeTarget "CKYS" */;
			buildPhases = (
				F33B64C9252A91C9E504A0F3 /* [CP] Check Pods Manifest.lock */,
				2CC1D69F20EB05E10088CFA4 /* Sources */,
				2CC1D6A020EB05E10088CFA4 /* Frameworks */,
				2CC1D6A120EB05E10088CFA4 /* Resources */,
			);
			buildRules = (
			);
			dependencies = (
			);
			name = CKYS;
			productName = CKYS;
			productReference = 2CC1D6A320EB05E10088CFA4 /* CKYS.app */;
			productType = "com.apple.product-type.application";
		};
		2CC1D6BA20EB05E10088CFA4 /* CKYSTests */ = {
			isa = PBXNativeTarget;
			buildConfigurationList = 2CC1D6D220EB05E10088CFA4 /* Build configuration list for PBXNativeTarget "CKYSTests" */;
			buildPhases = (
				2CC1D6B720EB05E10088CFA4 /* Sources */,
				2CC1D6B820EB05E10088CFA4 /* Frameworks */,
				2CC1D6B920EB05E10088CFA4 /* Resources */,
			);
			buildRules = (
			);
			dependencies = (
				2CC1D6BD20EB05E10088CFA4 /* PBXTargetDependency */,
			);
			name = CKYSTests;
			productName = CKYSTests;
			productReference = 2CC1D6BB20EB05E10088CFA4 /* CKYSTests.xctest */;
			productType = "com.apple.product-type.bundle.unit-test";
		};
		2CC1D6C520EB05E10088CFA4 /* CKYSUITests */ = {
			isa = PBXNativeTarget;
			buildConfigurationList = 2CC1D6D520EB05E10088CFA4 /* Build configuration list for PBXNativeTarget "CKYSUITests" */;
			buildPhases = (
				2CC1D6C220EB05E10088CFA4 /* Sources */,
				2CC1D6C320EB05E10088CFA4 /* Frameworks */,
				2CC1D6C420EB05E10088CFA4 /* Resources */,
			);
			buildRules = (
			);
			dependencies = (
				2CC1D6C820EB05E10088CFA4 /* PBXTargetDependency */,
			);
			name = CKYSUITests;
			productName = CKYSUITests;
			productReference = 2CC1D6C620EB05E10088CFA4 /* CKYSUITests.xctest */;
			productType = "com.apple.product-type.bundle.ui-testing";
		};
/* End PBXNativeTarget section */

/* Begin PBXProject section */
		2CC1D69B20EB05E10088CFA4 /* Project object */ = {
			isa = PBXProject;
			attributes = {
				LastUpgradeCheck = 0920;
				ORGANIZATIONNAME = YY;
				TargetAttributes = {
					2CC1D6A220EB05E10088CFA4 = {
						CreatedOnToolsVersion = 9.2;
						ProvisioningStyle = Manual;
					};
					2CC1D6BA20EB05E10088CFA4 = {
						CreatedOnToolsVersion = 9.2;
						ProvisioningStyle = Automatic;
						TestTargetID = 2CC1D6A220EB05E10088CFA4;
					};
					2CC1D6C520EB05E10088CFA4 = {
						CreatedOnToolsVersion = 9.2;
						ProvisioningStyle = Automatic;
						TestTargetID = 2CC1D6A220EB05E10088CFA4;
					};
				};
			};
			buildConfigurationList = 2CC1D69E20EB05E10088CFA4 /* Build configuration list for PBXProject "CKYS" */;
			compatibilityVersion = "Xcode 8.0";
			developmentRegion = en;
			hasScannedForEncodings = 0;
			knownRegions = (
				en,
				Base,
			);
			mainGroup = 2CC1D69A20EB05E10088CFA4;
			productRefGroup = 2CC1D6A420EB05E10088CFA4 /* Products */;
			projectDirPath = "";
			projectRoot = "";
			targets = (
				2CC1D6A220EB05E10088CFA4 /* CKYS */,
				2CC1D6BA20EB05E10088CFA4 /* CKYSTests */,
				2CC1D6C520EB05E10088CFA4 /* CKYSUITests */,
			);
		};
/* End PBXProject section */

/* Begin PBXResourcesBuildPhase section */
		2CC1D6A120EB05E10088CFA4 /* Resources */ = {
			isa = PBXResourcesBuildPhase;
			buildActionMask = 2147483647;
			files = (
				2CC1D6D920EB06520088CFA4 /* Images.xcassets in Resources */,
			);
			runOnlyForDeploymentPostprocessing = 0;
		};
		2CC1D6B920EB05E10088CFA4 /* Resources */ = {
			isa = PBXResourcesBuildPhase;
			buildActionMask = 2147483647;
			files = (
			);
			runOnlyForDeploymentPostprocessing = 0;
		};
		2CC1D6C420EB05E10088CFA4 /* Resources */ = {
			isa = PBXResourcesBuildPhase;
			buildActionMask = 2147483647;
			files = (
			);
			runOnlyForDeploymentPostprocessing = 0;
		};
/* End PBXResourcesBuildPhase section */

/* Begin PBXShellScriptBuildPhase section */
		F33B64C9252A91C9E504A0F3 /* [CP] Check Pods Manifest.lock */ = {
			isa = PBXShellScriptBuildPhase;
			buildActionMask = 2147483647;
			files = (
			);
			inputPaths = (
				"${PODS_PODFILE_DIR_PATH}/Podfile.lock",
				"${PODS_ROOT}/Manifest.lock",
			);
			name = "[CP] Check Pods Manifest.lock";
			outputPaths = (
				"$(DERIVED_FILE_DIR)/Pods-CKYS-checkManifestLockResult.txt",
			);
			runOnlyForDeploymentPostprocessing = 0;
			shellPath = /bin/sh;
			shellScript = "diff \"${PODS_PODFILE_DIR_PATH}/Podfile.lock\" \"${PODS_ROOT}/Manifest.lock\" > /dev/null\nif [ $? != 0 ] ; then\n    # print error to STDERR\n    echo \"error: The sandbox is not in sync with the Podfile.lock. Run 'pod install' or update your CocoaPods installation.\" >&2\n    exit 1\nfi\n# This output is used by Xcode 'outputs' to avoid re-running this script phase.\necho \"SUCCESS\" > \"${SCRIPT_OUTPUT_FILE_0}\"\n";
			showEnvVarsInLog = 0;
		};
/* End PBXShellScriptBuildPhase section */

/* Begin PBXSourcesBuildPhase section */
		2CC1D69F20EB05E10088CFA4 /* Sources */ = {
			isa = PBXSourcesBuildPhase;
			buildActionMask = 2147483647;
			files = (
				2CC1D6E420EB099C0088CFA4 /* CKYSBusinessCollegeTableView.m in Sources */,
				2CC1D6AB20EB05E10088CFA4 /* ViewController.m in Sources */,
				2CC1D76A20EB47A60088CFA4 /* CKYSBusinessCollegeFamousTeacherItemCell.m in Sources */,
				2CC1D6B620EB05E10088CFA4 /* main.m in Sources */,
				2CC1D6E120EB09940088CFA4 /* CKYSBusinessCollegeViewController.m in Sources */,
				2CC1D74F20EB122F0088CFA4 /* UILabel+Category.m in Sources */,
				2C44C8BC20EC61B400ABD85D /* CKYSBusinessCollegeBannerCell.m in Sources */,
				2CC1D76720EB47800088CFA4 /* CKYSBusinessCollegeFamousTeacherCell.m in Sources */,
				2CC1D73A20EB0A0B0088CFA4 /* CKYSBusinessCollegeFreshListCell.m in Sources */,
				2CC1D75720EB17830088CFA4 /* CKYSBusinessCollegeExcellentCourseItemCell.m in Sources */,
				2CC1D74620EB0A210088CFA4 /* CKYSBusinessCollegeWorkplaceItemCell.m in Sources */,
				2CC1D76320EB299B0088CFA4 /* CKYSBusinessCollegeExcellentCourseItem.m in Sources */,
				2CC1D76F20EB4B090088CFA4 /* CKYSBusinessCollegeFamousTeacherItem.m in Sources */,
				2CC1D74520EB0A210088CFA4 /* CKYSBusinessCollegeWorkplaceItem.m in Sources */,
				2CC1D74720EB0A210088CFA4 /* CKYSBusinessCollegeWorkplaceCell.m in Sources */,
				2CC1D73C20EB0A0B0088CFA4 /* CKYSBusinessCollegeFreshListItem.m in Sources */,
				2CC1D73B20EB0A0B0088CFA4 /* CKYSBusinessCollegeFreshListItemCell.m in Sources */,
				2CC1D75B20EB1BE80088CFA4 /* CKYSBusinessCollegeTitleMoreButtonView.m in Sources */,
				2CC1D75320EB16750088CFA4 /* CKYSBusinessCollegeExcellentCourseCell.m in Sources */,
				2C44C8B820EC5CE500ABD85D /* UIView+Category.m in Sources */,
				2CC1D6A820EB05E10088CFA4 /* AppDelegate.m in Sources */,
			);
			runOnlyForDeploymentPostprocessing = 0;
		};
		2CC1D6B720EB05E10088CFA4 /* Sources */ = {
			isa = PBXSourcesBuildPhase;
			buildActionMask = 2147483647;
			files = (
				2CC1D6C020EB05E10088CFA4 /* CKYSTests.m in Sources */,
			);
			runOnlyForDeploymentPostprocessing = 0;
		};
		2CC1D6C220EB05E10088CFA4 /* Sources */ = {
			isa = PBXSourcesBuildPhase;
			buildActionMask = 2147483647;
			files = (
				2CC1D6CB20EB05E10088CFA4 /* CKYSUITests.m in Sources */,
			);
			runOnlyForDeploymentPostprocessing = 0;
		};
/* End PBXSourcesBuildPhase section */

/* Begin PBXTargetDependency section */
		2CC1D6BD20EB05E10088CFA4 /* PBXTargetDependency */ = {
			isa = PBXTargetDependency;
			target = 2CC1D6A220EB05E10088CFA4 /* CKYS */;
			targetProxy = 2CC1D6BC20EB05E10088CFA4 /* PBXContainerItemProxy */;
		};
		2CC1D6C820EB05E10088CFA4 /* PBXTargetDependency */ = {
			isa = PBXTargetDependency;
			target = 2CC1D6A220EB05E10088CFA4 /* CKYS */;
			targetProxy = 2CC1D6C720EB05E10088CFA4 /* PBXContainerItemProxy */;
		};
/* End PBXTargetDependency section */

/* Begin XCBuildConfiguration section */
		2CC1D6CD20EB05E10088CFA4 /* Debug */ = {
			isa = XCBuildConfiguration;
			buildSettings = {
				ALWAYS_SEARCH_USER_PATHS = NO;
				CLANG_ANALYZER_NONNULL = YES;
				CLANG_ANALYZER_NUMBER_OBJECT_CONVERSION = YES_AGGRESSIVE;
				CLANG_CXX_LANGUAGE_STANDARD = "gnu++14";
				CLANG_CXX_LIBRARY = "libc++";
				CLANG_ENABLE_MODULES = YES;
				CLANG_ENABLE_OBJC_ARC = YES;
				CLANG_WARN_BLOCK_CAPTURE_AUTORELEASING = YES;
				CLANG_WARN_BOOL_CONVERSION = YES;
				CLANG_WARN_COMMA = YES;
				CLANG_WARN_CONSTANT_CONVERSION = YES;
				CLANG_WARN_DIRECT_OBJC_ISA_USAGE = YES_ERROR;
				CLANG_WARN_DOCUMENTATION_COMMENTS = YES;
				CLANG_WARN_EMPTY_BODY = YES;
				CLANG_WARN_ENUM_CONVERSION = YES;
				CLANG_WARN_INFINITE_RECURSION = YES;
				CLANG_WARN_INT_CONVERSION = YES;
				CLANG_WARN_NON_LITERAL_NULL_CONVERSION = YES;
				CLANG_WARN_OBJC_LITERAL_CONVERSION = YES;
				CLANG_WARN_OBJC_ROOT_CLASS = YES_ERROR;
				CLANG_WARN_RANGE_LOOP_ANALYSIS = YES;
				CLANG_WARN_STRICT_PROTOTYPES = YES;
				CLANG_WARN_SUSPICIOUS_MOVE = YES;
				CLANG_WARN_UNGUARDED_AVAILABILITY = YES_AGGRESSIVE;
				CLANG_WARN_UNREACHABLE_CODE = YES;
				CLANG_WARN__DUPLICATE_METHOD_MATCH = YES;
				CODE_SIGN_IDENTITY = "iPhone Developer";
				COPY_PHASE_STRIP = NO;
				DEBUG_INFORMATION_FORMAT = dwarf;
				ENABLE_STRICT_OBJC_MSGSEND = YES;
				ENABLE_TESTABILITY = YES;
				GCC_C_LANGUAGE_STANDARD = gnu11;
				GCC_DYNAMIC_NO_PIC = NO;
				GCC_NO_COMMON_BLOCKS = YES;
				GCC_OPTIMIZATION_LEVEL = 0;
				GCC_PREPROCESSOR_DEFINITIONS = (
					"DEBUG=1",
					"$(inherited)",
				);
				GCC_WARN_64_TO_32_BIT_CONVERSION = YES;
				GCC_WARN_ABOUT_RETURN_TYPE = YES_ERROR;
				GCC_WARN_UNDECLARED_SELECTOR = YES;
				GCC_WARN_UNINITIALIZED_AUTOS = YES_AGGRESSIVE;
				GCC_WARN_UNUSED_FUNCTION = YES;
				GCC_WARN_UNUSED_VARIABLE = YES;
				IPHONEOS_DEPLOYMENT_TARGET = 11.2;
				MTL_ENABLE_DEBUG_INFO = YES;
				ONLY_ACTIVE_ARCH = YES;
				SDKROOT = iphoneos;
			};
			name = Debug;
		};
		2CC1D6CE20EB05E10088CFA4 /* Release */ = {
			isa = XCBuildConfiguration;
			buildSettings = {
				ALWAYS_SEARCH_USER_PATHS = NO;
				CLANG_ANALYZER_NONNULL = YES;
				CLANG_ANALYZER_NUMBER_OBJECT_CONVERSION = YES_AGGRESSIVE;
				CLANG_CXX_LANGUAGE_STANDARD = "gnu++14";
				CLANG_CXX_LIBRARY = "libc++";
				CLANG_ENABLE_MODULES = YES;
				CLANG_ENABLE_OBJC_ARC = YES;
				CLANG_WARN_BLOCK_CAPTURE_AUTORELEASING = YES;
				CLANG_WARN_BOOL_CONVERSION = YES;
				CLANG_WARN_COMMA = YES;
				CLANG_WARN_CONSTANT_CONVERSION = YES;
				CLANG_WARN_DIRECT_OBJC_ISA_USAGE = YES_ERROR;
				CLANG_WARN_DOCUMENTATION_COMMENTS = YES;
				CLANG_WARN_EMPTY_BODY = YES;
				CLANG_WARN_ENUM_CONVERSION = YES;
				CLANG_WARN_INFINITE_RECURSION = YES;
				CLANG_WARN_INT_CONVERSION = YES;
				CLANG_WARN_NON_LITERAL_NULL_CONVERSION = YES;
				CLANG_WARN_OBJC_LITERAL_CONVERSION = YES;
				CLANG_WARN_OBJC_ROOT_CLASS = YES_ERROR;
				CLANG_WARN_RANGE_LOOP_ANALYSIS = YES;
				CLANG_WARN_STRICT_PROTOTYPES = YES;
				CLANG_WARN_SUSPICIOUS_MOVE = YES;
				CLANG_WARN_UNGUARDED_AVAILABILITY = YES_AGGRESSIVE;
				CLANG_WARN_UNREACHABLE_CODE = YES;
				CLANG_WARN__DUPLICATE_METHOD_MATCH = YES;
				CODE_SIGN_IDENTITY = "iPhone Developer";
				COPY_PHASE_STRIP = NO;
				DEBUG_INFORMATION_FORMAT = "dwarf-with-dsym";
				ENABLE_NS_ASSERTIONS = NO;
				ENABLE_STRICT_OBJC_MSGSEND = YES;
				GCC_C_LANGUAGE_STANDARD = gnu11;
				GCC_NO_COMMON_BLOCKS = YES;
				GCC_WARN_64_TO_32_BIT_CONVERSION = YES;
				GCC_WARN_ABOUT_RETURN_TYPE = YES_ERROR;
				GCC_WARN_UNDECLARED_SELECTOR = YES;
				GCC_WARN_UNINITIALIZED_AUTOS = YES_AGGRESSIVE;
				GCC_WARN_UNUSED_FUNCTION = YES;
				GCC_WARN_UNUSED_VARIABLE = YES;
				IPHONEOS_DEPLOYMENT_TARGET = 11.2;
				MTL_ENABLE_DEBUG_INFO = NO;
				SDKROOT = iphoneos;
				VALIDATE_PRODUCT = YES;
			};
			name = Release;
		};
		2CC1D6D020EB05E10088CFA4 /* Debug */ = {
			isa = XCBuildConfiguration;
			baseConfigurationReference = 6C1B781BDA07FBA5822D3D3E /* Pods-CKYS.debug.xcconfig */;
			buildSettings = {
				ASSETCATALOG_COMPILER_APPICON_NAME = AppIcon;
				ASSETCATALOG_COMPILER_LAUNCHIMAGE_NAME = LaunchImage;
				CODE_SIGN_STYLE = Manual;
				DEVELOPMENT_TEAM = "";
				INFOPLIST_FILE = CKYS/Info.plist;
				IPHONEOS_DEPLOYMENT_TARGET = 8.0;
				LD_RUNPATH_SEARCH_PATHS = "$(inherited) @executable_path/Frameworks";
				PRODUCT_BUNDLE_IDENTIFIER = com.ckys.CKYS;
				PRODUCT_NAME = "$(TARGET_NAME)";
				PROVISIONING_PROFILE_SPECIFIER = "";
				TARGETED_DEVICE_FAMILY = 1;
			};
			name = Debug;
		};
		2CC1D6D120EB05E10088CFA4 /* Release */ = {
			isa = XCBuildConfiguration;
			baseConfigurationReference = 575EC7C9280CF5C7FCA1F68A /* Pods-CKYS.release.xcconfig */;
			buildSettings = {
				ASSETCATALOG_COMPILER_APPICON_NAME = AppIcon;
				ASSETCATALOG_COMPILER_LAUNCHIMAGE_NAME = LaunchImage;
				CODE_SIGN_STYLE = Manual;
				DEVELOPMENT_TEAM = "";
				INFOPLIST_FILE = CKYS/Info.plist;
				IPHONEOS_DEPLOYMENT_TARGET = 8.0;
				LD_RUNPATH_SEARCH_PATHS = "$(inherited) @executable_path/Frameworks";
				PRODUCT_BUNDLE_IDENTIFIER = com.ckys.CKYS;
				PRODUCT_NAME = "$(TARGET_NAME)";
				PROVISIONING_PROFILE_SPECIFIER = "";
				TARGETED_DEVICE_FAMILY = 1;
			};
			name = Release;
		};
		2CC1D6D320EB05E10088CFA4 /* Debug */ = {
			isa = XCBuildConfiguration;
			buildSettings = {
				BUNDLE_LOADER = "$(TEST_HOST)";
				CODE_SIGN_STYLE = Automatic;
				INFOPLIST_FILE = CKYSTests/Info.plist;
				LD_RUNPATH_SEARCH_PATHS = "$(inherited) @executable_path/Frameworks @loader_path/Frameworks";
				PRODUCT_BUNDLE_IDENTIFIER = com.ckys..CKYSTests;
				PRODUCT_NAME = "$(TARGET_NAME)";
				TARGETED_DEVICE_FAMILY = "1,2";
				TEST_HOST = "$(BUILT_PRODUCTS_DIR)/CKYS.app/CKYS";
			};
			name = Debug;
		};
		2CC1D6D420EB05E10088CFA4 /* Release */ = {
			isa = XCBuildConfiguration;
			buildSettings = {
				BUNDLE_LOADER = "$(TEST_HOST)";
				CODE_SIGN_STYLE = Automatic;
				INFOPLIST_FILE = CKYSTests/Info.plist;
				LD_RUNPATH_SEARCH_PATHS = "$(inherited) @executable_path/Frameworks @loader_path/Frameworks";
				PRODUCT_BUNDLE_IDENTIFIER = com.ckys..CKYSTests;
				PRODUCT_NAME = "$(TARGET_NAME)";
				TARGETED_DEVICE_FAMILY = "1,2";
				TEST_HOST = "$(BUILT_PRODUCTS_DIR)/CKYS.app/CKYS";
			};
			name = Release;
		};
		2CC1D6D620EB05E10088CFA4 /* Debug */ = {
			isa = XCBuildConfiguration;
			buildSettings = {
				CODE_SIGN_STYLE = Automatic;
				INFOPLIST_FILE = CKYSUITests/Info.plist;
				LD_RUNPATH_SEARCH_PATHS = "$(inherited) @executable_path/Frameworks @loader_path/Frameworks";
				PRODUCT_BUNDLE_IDENTIFIER = com.ckys..CKYSUITests;
				PRODUCT_NAME = "$(TARGET_NAME)";
				TARGETED_DEVICE_FAMILY = "1,2";
				TEST_TARGET_NAME = CKYS;
			};
			name = Debug;
		};
		2CC1D6D720EB05E10088CFA4 /* Release */ = {
			isa = XCBuildConfiguration;
			buildSettings = {
				CODE_SIGN_STYLE = Automatic;
				INFOPLIST_FILE = CKYSUITests/Info.plist;
				LD_RUNPATH_SEARCH_PATHS = "$(inherited) @executable_path/Frameworks @loader_path/Frameworks";
				PRODUCT_BUNDLE_IDENTIFIER = com.ckys..CKYSUITests;
				PRODUCT_NAME = "$(TARGET_NAME)";
				TARGETED_DEVICE_FAMILY = "1,2";
				TEST_TARGET_NAME = CKYS;
			};
			name = Release;
		};
/* End XCBuildConfiguration section */

/* Begin XCConfigurationList section */
		2CC1D69E20EB05E10088CFA4 /* Build configuration list for PBXProject "CKYS" */ = {
			isa = XCConfigurationList;
			buildConfigurations = (
				2CC1D6CD20EB05E10088CFA4 /* Debug */,
				2CC1D6CE20EB05E10088CFA4 /* Release */,
			);
			defaultConfigurationIsVisible = 0;
			defaultConfigurationName = Release;
		};
		2CC1D6CF20EB05E10088CFA4 /* Build configuration list for PBXNativeTarget "CKYS" */ = {
			isa = XCConfigurationList;
			buildConfigurations = (
				2CC1D6D020EB05E10088CFA4 /* Debug */,
				2CC1D6D120EB05E10088CFA4 /* Release */,
			);
			defaultConfigurationIsVisible = 0;
			defaultConfigurationName = Release;
		};
		2CC1D6D220EB05E10088CFA4 /* Build configuration list for PBXNativeTarget "CKYSTests" */ = {
			isa = XCConfigurationList;
			buildConfigurations = (
				2CC1D6D320EB05E10088CFA4 /* Debug */,
				2CC1D6D420EB05E10088CFA4 /* Release */,
			);
			defaultConfigurationIsVisible = 0;
			defaultConfigurationName = Release;
		};
		2CC1D6D520EB05E10088CFA4 /* Build configuration list for PBXNativeTarget "CKYSUITests" */ = {
			isa = XCConfigurationList;
			buildConfigurations = (
				2CC1D6D620EB05E10088CFA4 /* Debug */,
				2CC1D6D720EB05E10088CFA4 /* Release */,
			);
			defaultConfigurationIsVisible = 0;
			defaultConfigurationName = Release;
		};
/* End XCConfigurationList section */
	};
	rootObject = 2CC1D69B20EB05E10088CFA4 /* Project object */;
}
