// !$*UTF8*$!
{
	archiveVersion = 1;
	classes = {
	};
	objectVersion = 48;
	objects = {

/* Begin PBXBuildFile section */
		2C1A9EB720ECA4DC00E21FEA /* CKYSBCCourseDetailViewController.m in Sources */ = {isa = PBXBuildFile; fileRef = 2C1A9EB620ECA4DC00E21FEA /* CKYSBCCourseDetailViewController.m */; };
		2C1A9EBA20ECA6E300E21FEA /* CKYSBCTeacherListViewController.m in Sources */ = {isa = PBXBuildFile; fileRef = 2C1A9EB920ECA6E300E21FEA /* CKYSBCTeacherListViewController.m */; };
		2C1A9EBD20ECA7F800E21FEA /* CKYSBCTeacherDetailViewController.m in Sources */ = {isa = PBXBuildFile; fileRef = 2C1A9EBC20ECA7F800E21FEA /* CKYSBCTeacherDetailViewController.m */; };
		2C1A9EC120ECA95300E21FEA /* CKYSBCSearchViewController.m in Sources */ = {isa = PBXBuildFile; fileRef = 2C1A9EC020ECA95300E21FEA /* CKYSBCSearchViewController.m */; };
		2C1A9EC520ECAFB200E21FEA /* CKYSBCSearchItem.m in Sources */ = {isa = PBXBuildFile; fileRef = 2C1A9EC420ECAFB200E21FEA /* CKYSBCSearchItem.m */; };
		2C1A9EC920ECB12E00E21FEA /* UIViewController+SearchItem.m in Sources */ = {isa = PBXBuildFile; fileRef = 2C1A9EC820ECB12E00E21FEA /* UIViewController+SearchItem.m */; };
		2C1A9ECC20ECB4FF00E21FEA /* CKYSBusinessCollegeXBRMViewController.m in Sources */ = {isa = PBXBuildFile; fileRef = 2C1A9ECB20ECB4FF00E21FEA /* CKYSBusinessCollegeXBRMViewController.m */; };
		2C1A9ECF20ECB51700E21FEA /* CKYSBusinessCollegeJYTSViewController.m in Sources */ = {isa = PBXBuildFile; fileRef = 2C1A9ECE20ECB51700E21FEA /* CKYSBusinessCollegeJYTSViewController.m */; };
		2C1A9ED220ECB56900E21FEA /* CKYSBusinessCollegeSQGLViewController.m in Sources */ = {isa = PBXBuildFile; fileRef = 2C1A9ED120ECB56900E21FEA /* CKYSBusinessCollegeSQGLViewController.m */; };
		2C1A9ED520ECB70800E21FEA /* CKYSBusinessCollegeFreshListViewController.m in Sources */ = {isa = PBXBuildFile; fileRef = 2C1A9ED420ECB70800E21FEA /* CKYSBusinessCollegeFreshListViewController.m */; };
		2C1A9ED920ECB7FE00E21FEA /* CKYSBCHotCourseViewController.m in Sources */ = {isa = PBXBuildFile; fileRef = 2C1A9ED820ECB7FE00E21FEA /* CKYSBCHotCourseViewController.m */; };
		2C1A9EDD20ED079A00E21FEA /* CKYSNetworkTool.m in Sources */ = {isa = PBXBuildFile; fileRef = 2C1A9EDC20ED079A00E21FEA /* CKYSNetworkTool.m */; };
		2C1A9EE320ED09AF00E21FEA /* AppDelegate+Category.m in Sources */ = {isa = PBXBuildFile; fileRef = 2C1A9EE220ED09AF00E21FEA /* AppDelegate+Category.m */; };
		2C1A9EE720ED12E000E21FEA /* CKYSBusinessCollegeItem.m in Sources */ = {isa = PBXBuildFile; fileRef = 2C1A9EE620ED12E000E21FEA /* CKYSBusinessCollegeItem.m */; };
		2C1A9EEB20ED137E00E21FEA /* CKYSBusinessCollegeBannerItem.m in Sources */ = {isa = PBXBuildFile; fileRef = 2C1A9EEA20ED137E00E21FEA /* CKYSBusinessCollegeBannerItem.m */; };
		2C1A9EEE20ED145700E21FEA /* CKYSBusinessCollegeHonorListItem.m in Sources */ = {isa = PBXBuildFile; fileRef = 2C1A9EED20ED145700E21FEA /* CKYSBusinessCollegeHonorListItem.m */; };
		2C1A9EF120ED14AC00E21FEA /* CKYSBusinessCollegeMediaReportItem.m in Sources */ = {isa = PBXBuildFile; fileRef = 2C1A9EF020ED14AC00E21FEA /* CKYSBusinessCollegeMediaReportItem.m */; };
		2C1A9EF420ED158A00E21FEA /* CKYSBusinessCollegeTopnewsItem.m in Sources */ = {isa = PBXBuildFile; fileRef = 2C1A9EF320ED158A00E21FEA /* CKYSBusinessCollegeTopnewsItem.m */; };
		2C1A9EFA20EDADDC00E21FEA /* CKYSBusinessCollegeService.m in Sources */ = {isa = PBXBuildFile; fileRef = 2C1A9EF920EDADDC00E21FEA /* CKYSBusinessCollegeService.m */; };
		2C1A9F4220EE16FC00E21FEA /* CKYSBusinessCollegeCache.m in Sources */ = {isa = PBXBuildFile; fileRef = 2C1A9F4120EE16FC00E21FEA /* CKYSBusinessCollegeCache.m */; };
		2C44C8B820EC5CE500ABD85D /* UIView+Category.m in Sources */ = {isa = PBXBuildFile; fileRef = 2C44C8B720EC5CE500ABD85D /* UIView+Category.m */; };
		2C44C8BC20EC61B400ABD85D /* CKYSBusinessCollegeBannerCell.m in Sources */ = {isa = PBXBuildFile; fileRef = 2C44C8BB20EC61B400ABD85D /* CKYSBusinessCollegeBannerCell.m */; };
		2C44C8C520EC910500ABD85D /* CKYSBCExcellentCourseViewController.m in Sources */ = {isa = PBXBuildFile; fileRef = 2C44C8C420EC910500ABD85D /* CKYSBCExcellentCourseViewController.m */; };
		2CC1D6A820EB05E10088CFA4 /* AppDelegate.m in Sources */ = {isa = PBXBuildFile; fileRef = 2CC1D6A720EB05E10088CFA4 /* AppDelegate.m */; };
		2CC1D6B620EB05E10088CFA4 /* main.m in Sources */ = {isa = PBXBuildFile; fileRef = 2CC1D6B520EB05E10088CFA4 /* main.m */; };
		2CC1D6C020EB05E10088CFA4 /* CKYSTests.m in Sources */ = {isa = PBXBuildFile; fileRef = 2CC1D6BF20EB05E10088CFA4 /* CKYSTests.m */; };
		2CC1D6CB20EB05E10088CFA4 /* CKYSUITests.m in Sources */ = {isa = PBXBuildFile; fileRef = 2CC1D6CA20EB05E10088CFA4 /* CKYSUITests.m */; };
		2CC1D6D920EB06520088CFA4 /* Images.xcassets in Resources */ = {isa = PBXBuildFile; fileRef = 2CC1D6D820EB06520088CFA4 /* Images.xcassets */; };
		2CC1D6E120EB09940088CFA4 /* CKYSBusinessCollegeViewController.m in Sources */ = {isa = PBXBuildFile; fileRef = 2CC1D6E020EB09940088CFA4 /* CKYSBusinessCollegeViewController.m */; };
		2CC1D6E420EB099C0088CFA4 /* CKYSBusinessCollegeTableView.m in Sources */ = {isa = PBXBuildFile; fileRef = 2CC1D6E220EB099C0088CFA4 /* CKYSBusinessCollegeTableView.m */; };
		2CC1D73A20EB0A0B0088CFA4 /* CKYSBusinessCollegeFreshListCell.m in Sources */ = {isa = PBXBuildFile; fileRef = 2CC1D73520EB0A0B0088CFA4 /* CKYSBusinessCollegeFreshListCell.m */; };
		2CC1D73B20EB0A0B0088CFA4 /* CKYSBusinessCollegeFreshListItemCell.m in Sources */ = {isa = PBXBuildFile; fileRef = 2CC1D73720EB0A0B0088CFA4 /* CKYSBusinessCollegeFreshListItemCell.m */; };
		2CC1D73C20EB0A0B0088CFA4 /* CKYSBusinessCollegeFreshListItem.m in Sources */ = {isa = PBXBuildFile; fileRef = 2CC1D73920EB0A0B0088CFA4 /* CKYSBusinessCollegeFreshListItem.m */; };
		2CC1D74520EB0A210088CFA4 /* CKYSBusinessCollegeWorkplaceItem.m in Sources */ = {isa = PBXBuildFile; fileRef = 2CC1D74020EB0A200088CFA4 /* CKYSBusinessCollegeWorkplaceItem.m */; };
		2CC1D74620EB0A210088CFA4 /* CKYSBusinessCollegeWorkplaceItemCell.m in Sources */ = {isa = PBXBuildFile; fileRef = 2CC1D74220EB0A200088CFA4 /* CKYSBusinessCollegeWorkplaceItemCell.m */; };
		2CC1D74720EB0A210088CFA4 /* CKYSBusinessCollegeWorkplaceCell.m in Sources */ = {isa = PBXBuildFile; fileRef = 2CC1D74420EB0A200088CFA4 /* CKYSBusinessCollegeWorkplaceCell.m */; };
		2CC1D74F20EB122F0088CFA4 /* UILabel+Category.m in Sources */ = {isa = PBXBuildFile; fileRef = 2CC1D74E20EB122F0088CFA4 /* UILabel+Category.m */; };
		2CC1D75320EB16750088CFA4 /* CKYSBusinessCollegeExcellentCourseCell.m in Sources */ = {isa = PBXBuildFile; fileRef = 2CC1D75220EB16750088CFA4 /* CKYSBusinessCollegeExcellentCourseCell.m */; };
		2CC1D75720EB17830088CFA4 /* CKYSBusinessCollegeExcellentCourseItemCell.m in Sources */ = {isa = PBXBuildFile; fileRef = 2CC1D75620EB17830088CFA4 /* CKYSBusinessCollegeExcellentCourseItemCell.m */; };
		2CC1D75B20EB1BE80088CFA4 /* CKYSBusinessCollegeTitleMoreButtonView.m in Sources */ = {isa = PBXBuildFile; fileRef = 2CC1D75A20EB1BE80088CFA4 /* CKYSBusinessCollegeTitleMoreButtonView.m */; };
		2CC1D76320EB299B0088CFA4 /* CKYSBusinessCollegeExcellentCourseItem.m in Sources */ = {isa = PBXBuildFile; fileRef = 2CC1D76220EB299B0088CFA4 /* CKYSBusinessCollegeExcellentCourseItem.m */; };
		2CC1D76720EB47800088CFA4 /* CKYSBusinessCollegeFamousTeacherCell.m in Sources */ = {isa = PBXBuildFile; fileRef = 2CC1D76620EB47800088CFA4 /* CKYSBusinessCollegeFamousTeacherCell.m */; };
		2CC1D76A20EB47A60088CFA4 /* CKYSBusinessCollegeFamousTeacherItemCell.m in Sources */ = {isa = PBXBuildFile; fileRef = 2CC1D76920EB47A60088CFA4 /* CKYSBusinessCollegeFamousTeacherItemCell.m */; };
		2CC1D76F20EB4B090088CFA4 /* CKYSBusinessCollegeFamousTeacherItem.m in Sources */ = {isa = PBXBuildFile; fileRef = 2CC1D76E20EB4B090088CFA4 /* CKYSBusinessCollegeFamousTeacherItem.m */; };
		2CEEBE3B20EE199C00CEA7DD /* CKYSFileUtils.m in Sources */ = {isa = PBXBuildFile; fileRef = 2CEEBE3A20EE199C00CEA7DD /* CKYSFileUtils.m */; };
		2CEEBE3E20EE381900CEA7DD /* NSString+MD5.m in Sources */ = {isa = PBXBuildFile; fileRef = 2CEEBE3C20EE381800CEA7DD /* NSString+MD5.m */; };
		2CEEBE4420EEEDD300CEA7DD /* CKYSBusinessCollegeServiceHelp.m in Sources */ = {isa = PBXBuildFile; fileRef = 2CEEBE4320EEEDD300CEA7DD /* CKYSBusinessCollegeServiceHelp.m */; };
		2CEEBE4820EF06F700CEA7DD /* CKYSBusinessCollegeObserver.m in Sources */ = {isa = PBXBuildFile; fileRef = 2CEEBE4720EF06F700CEA7DD /* CKYSBusinessCollegeObserver.m */; };
		2CEEBFD620EF445200CEA7DD /* CKYSExcellentCourseContainerView.m in Sources */ = {isa = PBXBuildFile; fileRef = 2CEEBFD520EF445200CEA7DD /* CKYSExcellentCourseContainerView.m */; };
		2CEEBFD920EF44B600CEA7DD /* CKYSExcellentCourseContentCollectionView.m in Sources */ = {isa = PBXBuildFile; fileRef = 2CEEBFD820EF44B600CEA7DD /* CKYSExcellentCourseContentCollectionView.m */; };
		2CEEBFE320EF48EF00CEA7DD /* CKYSExcellentCourseContentCollectionCell.m in Sources */ = {isa = PBXBuildFile; fileRef = 2CEEBFE220EF48EF00CEA7DD /* CKYSExcellentCourseContentCollectionCell.m */; };
		2CEEBFE620EF491200CEA7DD /* CKYSExcellentCourseSelectedTypeCollectionCell.m in Sources */ = {isa = PBXBuildFile; fileRef = 2CEEBFE520EF491200CEA7DD /* CKYSExcellentCourseSelectedTypeCollectionCell.m */; };
		2CEEBFE920EF4D1B00CEA7DD /* CKYSExcellentCourseSelectedTypeItem.m in Sources */ = {isa = PBXBuildFile; fileRef = 2CEEBFE820EF4D1B00CEA7DD /* CKYSExcellentCourseSelectedTypeItem.m */; };
		C5B1230BEAAA55C57C40C784 /* libPods-CKYS.a in Frameworks */ = {isa = PBXBuildFile; fileRef = 0FD9513738C930D2354EC1CC /* libPods-CKYS.a */; };
/* End PBXBuildFile section */

/* Begin PBXContainerItemProxy section */
		2CC1D6BC20EB05E10088CFA4 /* PBXContainerItemProxy */ = {
			isa = PBXContainerItemProxy;
			containerPortal = 2CC1D69B20EB05E10088CFA4 /* Project object */;
			proxyType = 1;
			remoteGlobalIDString = 2CC1D6A220EB05E10088CFA4;
			remoteInfo = CKYS;
		};
		2CC1D6C720EB05E10088CFA4 /* PBXContainerItemProxy */ = {
			isa = PBXContainerItemProxy;
			containerPortal = 2CC1D69B20EB05E10088CFA4 /* Project object */;
			proxyType = 1;
			remoteGlobalIDString = 2CC1D6A220EB05E10088CFA4;
			remoteInfo = CKYS;
		};
/* End PBXContainerItemProxy section */

/* Begin PBXFileReference section */
		0FD9513738C930D2354EC1CC /* libPods-CKYS.a */ = {isa = PBXFileReference; explicitFileType = archive.ar; includeInIndex = 0; path = "libPods-CKYS.a"; sourceTree = BUILT_PRODUCTS_DIR; };
		2C1A9EB420EC950100E21FEA /* CKYSBusinessCollegeWorkplaceItemCellTypeConst.h */ = {isa = PBXFileReference; lastKnownFileType = sourcecode.c.h; path = CKYSBusinessCollegeWorkplaceItemCellTypeConst.h; sourceTree = "<group>"; };
		2C1A9EB520ECA4DC00E21FEA /* CKYSBCCourseDetailViewController.h */ = {isa = PBXFileReference; lastKnownFileType = sourcecode.c.h; path = CKYSBCCourseDetailViewController.h; sourceTree = "<group>"; };
		2C1A9EB620ECA4DC00E21FEA /* CKYSBCCourseDetailViewController.m */ = {isa = PBXFileReference; lastKnownFileType = sourcecode.c.objc; path = CKYSBCCourseDetailViewController.m; sourceTree = "<group>"; };
		2C1A9EB820ECA6E300E21FEA /* CKYSBCTeacherListViewController.h */ = {isa = PBXFileReference; lastKnownFileType = sourcecode.c.h; path = CKYSBCTeacherListViewController.h; sourceTree = "<group>"; };
		2C1A9EB920ECA6E300E21FEA /* CKYSBCTeacherListViewController.m */ = {isa = PBXFileReference; lastKnownFileType = sourcecode.c.objc; path = CKYSBCTeacherListViewController.m; sourceTree = "<group>"; };
		2C1A9EBB20ECA7F800E21FEA /* CKYSBCTeacherDetailViewController.h */ = {isa = PBXFileReference; lastKnownFileType = sourcecode.c.h; path = CKYSBCTeacherDetailViewController.h; sourceTree = "<group>"; };
		2C1A9EBC20ECA7F800E21FEA /* CKYSBCTeacherDetailViewController.m */ = {isa = PBXFileReference; lastKnownFileType = sourcecode.c.objc; path = CKYSBCTeacherDetailViewController.m; sourceTree = "<group>"; };
		2C1A9EBF20ECA95300E21FEA /* CKYSBCSearchViewController.h */ = {isa = PBXFileReference; lastKnownFileType = sourcecode.c.h; path = CKYSBCSearchViewController.h; sourceTree = "<group>"; };
		2C1A9EC020ECA95300E21FEA /* CKYSBCSearchViewController.m */ = {isa = PBXFileReference; lastKnownFileType = sourcecode.c.objc; path = CKYSBCSearchViewController.m; sourceTree = "<group>"; };
		2C1A9EC320ECAFB200E21FEA /* CKYSBCSearchItem.h */ = {isa = PBXFileReference; lastKnownFileType = sourcecode.c.h; path = CKYSBCSearchItem.h; sourceTree = "<group>"; };
		2C1A9EC420ECAFB200E21FEA /* CKYSBCSearchItem.m */ = {isa = PBXFileReference; lastKnownFileType = sourcecode.c.objc; path = CKYSBCSearchItem.m; sourceTree = "<group>"; };
		2C1A9EC720ECB12E00E21FEA /* UIViewController+SearchItem.h */ = {isa = PBXFileReference; lastKnownFileType = sourcecode.c.h; path = "UIViewController+SearchItem.h"; sourceTree = "<group>"; };
		2C1A9EC820ECB12E00E21FEA /* UIViewController+SearchItem.m */ = {isa = PBXFileReference; lastKnownFileType = sourcecode.c.objc; path = "UIViewController+SearchItem.m"; sourceTree = "<group>"; };
		2C1A9ECA20ECB4FF00E21FEA /* CKYSBusinessCollegeXBRMViewController.h */ = {isa = PBXFileReference; lastKnownFileType = sourcecode.c.h; path = CKYSBusinessCollegeXBRMViewController.h; sourceTree = "<group>"; };
		2C1A9ECB20ECB4FF00E21FEA /* CKYSBusinessCollegeXBRMViewController.m */ = {isa = PBXFileReference; lastKnownFileType = sourcecode.c.objc; path = CKYSBusinessCollegeXBRMViewController.m; sourceTree = "<group>"; };
		2C1A9ECD20ECB51700E21FEA /* CKYSBusinessCollegeJYTSViewController.h */ = {isa = PBXFileReference; lastKnownFileType = sourcecode.c.h; path = CKYSBusinessCollegeJYTSViewController.h; sourceTree = "<group>"; };
		2C1A9ECE20ECB51700E21FEA /* CKYSBusinessCollegeJYTSViewController.m */ = {isa = PBXFileReference; lastKnownFileType = sourcecode.c.objc; path = CKYSBusinessCollegeJYTSViewController.m; sourceTree = "<group>"; };
		2C1A9ED020ECB56900E21FEA /* CKYSBusinessCollegeSQGLViewController.h */ = {isa = PBXFileReference; lastKnownFileType = sourcecode.c.h; path = CKYSBusinessCollegeSQGLViewController.h; sourceTree = "<group>"; };
		2C1A9ED120ECB56900E21FEA /* CKYSBusinessCollegeSQGLViewController.m */ = {isa = PBXFileReference; lastKnownFileType = sourcecode.c.objc; path = CKYSBusinessCollegeSQGLViewController.m; sourceTree = "<group>"; };
		2C1A9ED320ECB70800E21FEA /* CKYSBusinessCollegeFreshListViewController.h */ = {isa = PBXFileReference; lastKnownFileType = sourcecode.c.h; path = CKYSBusinessCollegeFreshListViewController.h; sourceTree = "<group>"; };
		2C1A9ED420ECB70800E21FEA /* CKYSBusinessCollegeFreshListViewController.m */ = {isa = PBXFileReference; lastKnownFileType = sourcecode.c.objc; path = CKYSBusinessCollegeFreshListViewController.m; sourceTree = "<group>"; };
		2C1A9ED720ECB7FE00E21FEA /* CKYSBCHotCourseViewController.h */ = {isa = PBXFileReference; lastKnownFileType = sourcecode.c.h; path = CKYSBCHotCourseViewController.h; sourceTree = "<group>"; };
		2C1A9ED820ECB7FE00E21FEA /* CKYSBCHotCourseViewController.m */ = {isa = PBXFileReference; lastKnownFileType = sourcecode.c.objc; path = CKYSBCHotCourseViewController.m; sourceTree = "<group>"; };
		2C1A9EDB20ED079A00E21FEA /* CKYSNetworkTool.h */ = {isa = PBXFileReference; lastKnownFileType = sourcecode.c.h; path = CKYSNetworkTool.h; sourceTree = "<group>"; };
		2C1A9EDC20ED079A00E21FEA /* CKYSNetworkTool.m */ = {isa = PBXFileReference; lastKnownFileType = sourcecode.c.objc; path = CKYSNetworkTool.m; sourceTree = "<group>"; };
		2C1A9EE120ED09AF00E21FEA /* AppDelegate+Category.h */ = {isa = PBXFileReference; lastKnownFileType = sourcecode.c.h; path = "AppDelegate+Category.h"; sourceTree = "<group>"; };
		2C1A9EE220ED09AF00E21FEA /* AppDelegate+Category.m */ = {isa = PBXFileReference; lastKnownFileType = sourcecode.c.objc; path = "AppDelegate+Category.m"; sourceTree = "<group>"; };
		2C1A9EE520ED12E000E21FEA /* CKYSBusinessCollegeItem.h */ = {isa = PBXFileReference; lastKnownFileType = sourcecode.c.h; path = CKYSBusinessCollegeItem.h; sourceTree = "<group>"; };
		2C1A9EE620ED12E000E21FEA /* CKYSBusinessCollegeItem.m */ = {isa = PBXFileReference; lastKnownFileType = sourcecode.c.objc; path = CKYSBusinessCollegeItem.m; sourceTree = "<group>"; };
		2C1A9EE920ED137E00E21FEA /* CKYSBusinessCollegeBannerItem.h */ = {isa = PBXFileReference; lastKnownFileType = sourcecode.c.h; path = CKYSBusinessCollegeBannerItem.h; sourceTree = "<group>"; };
		2C1A9EEA20ED137E00E21FEA /* CKYSBusinessCollegeBannerItem.m */ = {isa = PBXFileReference; lastKnownFileType = sourcecode.c.objc; path = CKYSBusinessCollegeBannerItem.m; sourceTree = "<group>"; };
		2C1A9EEC20ED145700E21FEA /* CKYSBusinessCollegeHonorListItem.h */ = {isa = PBXFileReference; lastKnownFileType = sourcecode.c.h; path = CKYSBusinessCollegeHonorListItem.h; sourceTree = "<group>"; };
		2C1A9EED20ED145700E21FEA /* CKYSBusinessCollegeHonorListItem.m */ = {isa = PBXFileReference; lastKnownFileType = sourcecode.c.objc; path = CKYSBusinessCollegeHonorListItem.m; sourceTree = "<group>"; };
		2C1A9EEF20ED14AC00E21FEA /* CKYSBusinessCollegeMediaReportItem.h */ = {isa = PBXFileReference; lastKnownFileType = sourcecode.c.h; path = CKYSBusinessCollegeMediaReportItem.h; sourceTree = "<group>"; };
		2C1A9EF020ED14AC00E21FEA /* CKYSBusinessCollegeMediaReportItem.m */ = {isa = PBXFileReference; lastKnownFileType = sourcecode.c.objc; path = CKYSBusinessCollegeMediaReportItem.m; sourceTree = "<group>"; };
		2C1A9EF220ED158A00E21FEA /* CKYSBusinessCollegeTopnewsItem.h */ = {isa = PBXFileReference; lastKnownFileType = sourcecode.c.h; path = CKYSBusinessCollegeTopnewsItem.h; sourceTree = "<group>"; };
		2C1A9EF320ED158A00E21FEA /* CKYSBusinessCollegeTopnewsItem.m */ = {isa = PBXFileReference; lastKnownFileType = sourcecode.c.objc; path = CKYSBusinessCollegeTopnewsItem.m; sourceTree = "<group>"; };
		2C1A9EF820EDADDC00E21FEA /* CKYSBusinessCollegeService.h */ = {isa = PBXFileReference; lastKnownFileType = sourcecode.c.h; path = CKYSBusinessCollegeService.h; sourceTree = "<group>"; };
		2C1A9EF920EDADDC00E21FEA /* CKYSBusinessCollegeService.m */ = {isa = PBXFileReference; lastKnownFileType = sourcecode.c.objc; path = CKYSBusinessCollegeService.m; sourceTree = "<group>"; };
		2C1A9EFC20EDB49300E21FEA /* NSLog.h */ = {isa = PBXFileReference; lastKnownFileType = sourcecode.c.h; path = NSLog.h; sourceTree = "<group>"; };
		2C1A9F0020EE023D00E21FEA /* CKYSScreenConst.h */ = {isa = PBXFileReference; lastKnownFileType = sourcecode.c.h; path = CKYSScreenConst.h; sourceTree = "<group>"; };
		2C1A9F4020EE16FC00E21FEA /* CKYSBusinessCollegeCache.h */ = {isa = PBXFileReference; lastKnownFileType = sourcecode.c.h; path = CKYSBusinessCollegeCache.h; sourceTree = "<group>"; };
		2C1A9F4120EE16FC00E21FEA /* CKYSBusinessCollegeCache.m */ = {isa = PBXFileReference; lastKnownFileType = sourcecode.c.objc; path = CKYSBusinessCollegeCache.m; sourceTree = "<group>"; };
		2C44C8B420EC578F00ABD85D /* CKYSBusinessCollegeTableViewCellTypeConst.h */ = {isa = PBXFileReference; fileEncoding = 4; lastKnownFileType = sourcecode.c.h; path = CKYSBusinessCollegeTableViewCellTypeConst.h; sourceTree = "<group>"; };
		2C44C8B520EC5C5E00ABD85D /* CKYSBusinessCollegeTableViewCellConst.h */ = {isa = PBXFileReference; lastKnownFileType = sourcecode.c.h; path = CKYSBusinessCollegeTableViewCellConst.h; sourceTree = "<group>"; };
		2C44C8B620EC5CE500ABD85D /* UIView+Category.h */ = {isa = PBXFileReference; lastKnownFileType = sourcecode.c.h; path = "UIView+Category.h"; sourceTree = "<group>"; };
		2C44C8B720EC5CE500ABD85D /* UIView+Category.m */ = {isa = PBXFileReference; lastKnownFileType = sourcecode.c.objc; path = "UIView+Category.m"; sourceTree = "<group>"; };
		2C44C8BA20EC61B400ABD85D /* CKYSBusinessCollegeBannerCell.h */ = {isa = PBXFileReference; lastKnownFileType = sourcecode.c.h; path = CKYSBusinessCollegeBannerCell.h; sourceTree = "<group>"; };
		2C44C8BB20EC61B400ABD85D /* CKYSBusinessCollegeBannerCell.m */ = {isa = PBXFileReference; lastKnownFileType = sourcecode.c.objc; path = CKYSBusinessCollegeBannerCell.m; sourceTree = "<group>"; };
		2C44C8BD20EC61F500ABD85D /* CKYSBusinessCollegeBannerCellDelegate.h */ = {isa = PBXFileReference; lastKnownFileType = sourcecode.c.h; path = CKYSBusinessCollegeBannerCellDelegate.h; sourceTree = "<group>"; };
		2C44C8C320EC910500ABD85D /* CKYSBCExcellentCourseViewController.h */ = {isa = PBXFileReference; lastKnownFileType = sourcecode.c.h; path = CKYSBCExcellentCourseViewController.h; sourceTree = "<group>"; };
		2C44C8C420EC910500ABD85D /* CKYSBCExcellentCourseViewController.m */ = {isa = PBXFileReference; lastKnownFileType = sourcecode.c.objc; path = CKYSBCExcellentCourseViewController.m; sourceTree = "<group>"; };
		2C44C8C620EC923300ABD85D /* CKYSBusinessCollegeTableViewDelegate.h */ = {isa = PBXFileReference; lastKnownFileType = sourcecode.c.h; path = CKYSBusinessCollegeTableViewDelegate.h; sourceTree = "<group>"; };
		2CC1D6A320EB05E10088CFA4 /* CKYS.app */ = {isa = PBXFileReference; explicitFileType = wrapper.application; includeInIndex = 0; path = CKYS.app; sourceTree = BUILT_PRODUCTS_DIR; };
		2CC1D6A620EB05E10088CFA4 /* AppDelegate.h */ = {isa = PBXFileReference; lastKnownFileType = sourcecode.c.h; path = AppDelegate.h; sourceTree = "<group>"; };
		2CC1D6A720EB05E10088CFA4 /* AppDelegate.m */ = {isa = PBXFileReference; lastKnownFileType = sourcecode.c.objc; path = AppDelegate.m; sourceTree = "<group>"; };
		2CC1D6B420EB05E10088CFA4 /* Info.plist */ = {isa = PBXFileReference; lastKnownFileType = text.plist.xml; path = Info.plist; sourceTree = "<group>"; };
		2CC1D6B520EB05E10088CFA4 /* main.m */ = {isa = PBXFileReference; lastKnownFileType = sourcecode.c.objc; path = main.m; sourceTree = "<group>"; };
		2CC1D6BB20EB05E10088CFA4 /* CKYSTests.xctest */ = {isa = PBXFileReference; explicitFileType = wrapper.cfbundle; includeInIndex = 0; path = CKYSTests.xctest; sourceTree = BUILT_PRODUCTS_DIR; };
		2CC1D6BF20EB05E10088CFA4 /* CKYSTests.m */ = {isa = PBXFileReference; lastKnownFileType = sourcecode.c.objc; path = CKYSTests.m; sourceTree = "<group>"; };
		2CC1D6C120EB05E10088CFA4 /* Info.plist */ = {isa = PBXFileReference; lastKnownFileType = text.plist.xml; path = Info.plist; sourceTree = "<group>"; };
		2CC1D6C620EB05E10088CFA4 /* CKYSUITests.xctest */ = {isa = PBXFileReference; explicitFileType = wrapper.cfbundle; includeInIndex = 0; path = CKYSUITests.xctest; sourceTree = BUILT_PRODUCTS_DIR; };
		2CC1D6CA20EB05E10088CFA4 /* CKYSUITests.m */ = {isa = PBXFileReference; lastKnownFileType = sourcecode.c.objc; path = CKYSUITests.m; sourceTree = "<group>"; };
		2CC1D6CC20EB05E10088CFA4 /* Info.plist */ = {isa = PBXFileReference; lastKnownFileType = text.plist.xml; path = Info.plist; sourceTree = "<group>"; };
		2CC1D6D820EB06520088CFA4 /* Images.xcassets */ = {isa = PBXFileReference; lastKnownFileType = folder.assetcatalog; path = Images.xcassets; sourceTree = "<group>"; };
		2CC1D6DF20EB09940088CFA4 /* CKYSBusinessCollegeViewController.h */ = {isa = PBXFileReference; fileEncoding = 4; lastKnownFileType = sourcecode.c.h; path = CKYSBusinessCollegeViewController.h; sourceTree = "<group>"; };
		2CC1D6E020EB09940088CFA4 /* CKYSBusinessCollegeViewController.m */ = {isa = PBXFileReference; fileEncoding = 4; lastKnownFileType = sourcecode.c.objc; path = CKYSBusinessCollegeViewController.m; sourceTree = "<group>"; };
		2CC1D6E220EB099C0088CFA4 /* CKYSBusinessCollegeTableView.m */ = {isa = PBXFileReference; fileEncoding = 4; lastKnownFileType = sourcecode.c.objc; path = CKYSBusinessCollegeTableView.m; sourceTree = "<group>"; };
		2CC1D6E320EB099C0088CFA4 /* CKYSBusinessCollegeTableView.h */ = {isa = PBXFileReference; fileEncoding = 4; lastKnownFileType = sourcecode.c.h; path = CKYSBusinessCollegeTableView.h; sourceTree = "<group>"; };
		2CC1D73120EB09C50088CFA4 /* Common.h */ = {isa = PBXFileReference; fileEncoding = 4; lastKnownFileType = sourcecode.c.h; path = Common.h; sourceTree = "<group>"; };
		2CC1D73320EB0A0B0088CFA4 /* CKYSBusinessCollegeFreshListCellDelegate.h */ = {isa = PBXFileReference; fileEncoding = 4; lastKnownFileType = sourcecode.c.h; path = CKYSBusinessCollegeFreshListCellDelegate.h; sourceTree = "<group>"; };
		2CC1D73420EB0A0B0088CFA4 /* CKYSBusinessCollegeFreshListItemCell.h */ = {isa = PBXFileReference; fileEncoding = 4; lastKnownFileType = sourcecode.c.h; path = CKYSBusinessCollegeFreshListItemCell.h; sourceTree = "<group>"; };
		2CC1D73520EB0A0B0088CFA4 /* CKYSBusinessCollegeFreshListCell.m */ = {isa = PBXFileReference; fileEncoding = 4; lastKnownFileType = sourcecode.c.objc; path = CKYSBusinessCollegeFreshListCell.m; sourceTree = "<group>"; };
		2CC1D73620EB0A0B0088CFA4 /* CKYSBusinessCollegeFreshListItem.h */ = {isa = PBXFileReference; fileEncoding = 4; lastKnownFileType = sourcecode.c.h; path = CKYSBusinessCollegeFreshListItem.h; sourceTree = "<group>"; };
		2CC1D73720EB0A0B0088CFA4 /* CKYSBusinessCollegeFreshListItemCell.m */ = {isa = PBXFileReference; fileEncoding = 4; lastKnownFileType = sourcecode.c.objc; path = CKYSBusinessCollegeFreshListItemCell.m; sourceTree = "<group>"; };
		2CC1D73820EB0A0B0088CFA4 /* CKYSBusinessCollegeFreshListCell.h */ = {isa = PBXFileReference; fileEncoding = 4; lastKnownFileType = sourcecode.c.h; path = CKYSBusinessCollegeFreshListCell.h; sourceTree = "<group>"; };
		2CC1D73920EB0A0B0088CFA4 /* CKYSBusinessCollegeFreshListItem.m */ = {isa = PBXFileReference; fileEncoding = 4; lastKnownFileType = sourcecode.c.objc; path = CKYSBusinessCollegeFreshListItem.m; sourceTree = "<group>"; };
		2CC1D73E20EB0A200088CFA4 /* CKYSBusinessCollegeWorkplaceCellDelegate.h */ = {isa = PBXFileReference; fileEncoding = 4; lastKnownFileType = sourcecode.c.h; path = CKYSBusinessCollegeWorkplaceCellDelegate.h; sourceTree = "<group>"; };
		2CC1D73F20EB0A200088CFA4 /* CKYSBusinessCollegeWorkplaceItem.h */ = {isa = PBXFileReference; fileEncoding = 4; lastKnownFileType = sourcecode.c.h; path = CKYSBusinessCollegeWorkplaceItem.h; sourceTree = "<group>"; };
		2CC1D74020EB0A200088CFA4 /* CKYSBusinessCollegeWorkplaceItem.m */ = {isa = PBXFileReference; fileEncoding = 4; lastKnownFileType = sourcecode.c.objc; path = CKYSBusinessCollegeWorkplaceItem.m; sourceTree = "<group>"; };
		2CC1D74120EB0A200088CFA4 /* CKYSBusinessCollegeWorkplaceCell.h */ = {isa = PBXFileReference; fileEncoding = 4; lastKnownFileType = sourcecode.c.h; path = CKYSBusinessCollegeWorkplaceCell.h; sourceTree = "<group>"; };
		2CC1D74220EB0A200088CFA4 /* CKYSBusinessCollegeWorkplaceItemCell.m */ = {isa = PBXFileReference; fileEncoding = 4; lastKnownFileType = sourcecode.c.objc; path = CKYSBusinessCollegeWorkplaceItemCell.m; sourceTree = "<group>"; };
		2CC1D74320EB0A200088CFA4 /* CKYSBusinessCollegeWorkplaceItemCell.h */ = {isa = PBXFileReference; fileEncoding = 4; lastKnownFileType = sourcecode.c.h; path = CKYSBusinessCollegeWorkplaceItemCell.h; sourceTree = "<group>"; };
		2CC1D74420EB0A200088CFA4 /* CKYSBusinessCollegeWorkplaceCell.m */ = {isa = PBXFileReference; fileEncoding = 4; lastKnownFileType = sourcecode.c.objc; path = CKYSBusinessCollegeWorkplaceCell.m; sourceTree = "<group>"; };
		2CC1D74D20EB122F0088CFA4 /* UILabel+Category.h */ = {isa = PBXFileReference; fileEncoding = 4; lastKnownFileType = sourcecode.c.h; path = "UILabel+Category.h"; sourceTree = "<group>"; };
		2CC1D74E20EB122F0088CFA4 /* UILabel+Category.m */ = {isa = PBXFileReference; fileEncoding = 4; lastKnownFileType = sourcecode.c.objc; path = "UILabel+Category.m"; sourceTree = "<group>"; };
		2CC1D75120EB16750088CFA4 /* CKYSBusinessCollegeExcellentCourseCell.h */ = {isa = PBXFileReference; lastKnownFileType = sourcecode.c.h; path = CKYSBusinessCollegeExcellentCourseCell.h; sourceTree = "<group>"; };
		2CC1D75220EB16750088CFA4 /* CKYSBusinessCollegeExcellentCourseCell.m */ = {isa = PBXFileReference; lastKnownFileType = sourcecode.c.objc; path = CKYSBusinessCollegeExcellentCourseCell.m; sourceTree = "<group>"; };
		2CC1D75420EB16A80088CFA4 /* CKYSBusinessCollegeExcellentCourseCellDelegate.h */ = {isa = PBXFileReference; lastKnownFileType = sourcecode.c.h; path = CKYSBusinessCollegeExcellentCourseCellDelegate.h; sourceTree = "<group>"; };
		2CC1D75520EB17830088CFA4 /* CKYSBusinessCollegeExcellentCourseItemCell.h */ = {isa = PBXFileReference; lastKnownFileType = sourcecode.c.h; path = CKYSBusinessCollegeExcellentCourseItemCell.h; sourceTree = "<group>"; };
		2CC1D75620EB17830088CFA4 /* CKYSBusinessCollegeExcellentCourseItemCell.m */ = {isa = PBXFileReference; lastKnownFileType = sourcecode.c.objc; path = CKYSBusinessCollegeExcellentCourseItemCell.m; sourceTree = "<group>"; };
		2CC1D75920EB1BE80088CFA4 /* CKYSBusinessCollegeTitleMoreButtonView.h */ = {isa = PBXFileReference; lastKnownFileType = sourcecode.c.h; path = CKYSBusinessCollegeTitleMoreButtonView.h; sourceTree = "<group>"; };
		2CC1D75A20EB1BE80088CFA4 /* CKYSBusinessCollegeTitleMoreButtonView.m */ = {isa = PBXFileReference; lastKnownFileType = sourcecode.c.objc; path = CKYSBusinessCollegeTitleMoreButtonView.m; sourceTree = "<group>"; };
		2CC1D76120EB299B0088CFA4 /* CKYSBusinessCollegeExcellentCourseItem.h */ = {isa = PBXFileReference; lastKnownFileType = sourcecode.c.h; path = CKYSBusinessCollegeExcellentCourseItem.h; sourceTree = "<group>"; };
		2CC1D76220EB299B0088CFA4 /* CKYSBusinessCollegeExcellentCourseItem.m */ = {isa = PBXFileReference; lastKnownFileType = sourcecode.c.objc; path = CKYSBusinessCollegeExcellentCourseItem.m; sourceTree = "<group>"; };
		2CC1D76520EB47800088CFA4 /* CKYSBusinessCollegeFamousTeacherCell.h */ = {isa = PBXFileReference; lastKnownFileType = sourcecode.c.h; path = CKYSBusinessCollegeFamousTeacherCell.h; sourceTree = "<group>"; };
		2CC1D76620EB47800088CFA4 /* CKYSBusinessCollegeFamousTeacherCell.m */ = {isa = PBXFileReference; lastKnownFileType = sourcecode.c.objc; path = CKYSBusinessCollegeFamousTeacherCell.m; sourceTree = "<group>"; };
		2CC1D76820EB47A60088CFA4 /* CKYSBusinessCollegeFamousTeacherItemCell.h */ = {isa = PBXFileReference; lastKnownFileType = sourcecode.c.h; path = CKYSBusinessCollegeFamousTeacherItemCell.h; sourceTree = "<group>"; };
		2CC1D76920EB47A60088CFA4 /* CKYSBusinessCollegeFamousTeacherItemCell.m */ = {isa = PBXFileReference; lastKnownFileType = sourcecode.c.objc; path = CKYSBusinessCollegeFamousTeacherItemCell.m; sourceTree = "<group>"; };
		2CC1D76B20EB47C10088CFA4 /* CKYSBusinessCollegeFamousTeacherCellDelegate.h */ = {isa = PBXFileReference; lastKnownFileType = sourcecode.c.h; path = CKYSBusinessCollegeFamousTeacherCellDelegate.h; sourceTree = "<group>"; };
		2CC1D76D20EB4B090088CFA4 /* CKYSBusinessCollegeFamousTeacherItem.h */ = {isa = PBXFileReference; lastKnownFileType = sourcecode.c.h; path = CKYSBusinessCollegeFamousTeacherItem.h; sourceTree = "<group>"; };
		2CC1D76E20EB4B090088CFA4 /* CKYSBusinessCollegeFamousTeacherItem.m */ = {isa = PBXFileReference; lastKnownFileType = sourcecode.c.objc; path = CKYSBusinessCollegeFamousTeacherItem.m; sourceTree = "<group>"; };
		2CC1D77020EB59AD0088CFA4 /* CKYSBusinessCollegeTitleMoreButtonViewDelegate.h */ = {isa = PBXFileReference; lastKnownFileType = sourcecode.c.h; path = CKYSBusinessCollegeTitleMoreButtonViewDelegate.h; sourceTree = "<group>"; };
		2CEEBE3920EE199C00CEA7DD /* CKYSFileUtils.h */ = {isa = PBXFileReference; lastKnownFileType = sourcecode.c.h; path = CKYSFileUtils.h; sourceTree = "<group>"; };
		2CEEBE3A20EE199C00CEA7DD /* CKYSFileUtils.m */ = {isa = PBXFileReference; lastKnownFileType = sourcecode.c.objc; path = CKYSFileUtils.m; sourceTree = "<group>"; };
		2CEEBE3C20EE381800CEA7DD /* NSString+MD5.m */ = {isa = PBXFileReference; fileEncoding = 4; lastKnownFileType = sourcecode.c.objc; path = "NSString+MD5.m"; sourceTree = "<group>"; };
		2CEEBE3D20EE381900CEA7DD /* NSString+MD5.h */ = {isa = PBXFileReference; fileEncoding = 4; lastKnownFileType = sourcecode.c.h; path = "NSString+MD5.h"; sourceTree = "<group>"; };
		2CEEBE4220EEEDD300CEA7DD /* CKYSBusinessCollegeServiceHelp.h */ = {isa = PBXFileReference; lastKnownFileType = sourcecode.c.h; path = CKYSBusinessCollegeServiceHelp.h; sourceTree = "<group>"; };
		2CEEBE4320EEEDD300CEA7DD /* CKYSBusinessCollegeServiceHelp.m */ = {isa = PBXFileReference; lastKnownFileType = sourcecode.c.objc; path = CKYSBusinessCollegeServiceHelp.m; sourceTree = "<group>"; };
		2CEEBE4620EF06F700CEA7DD /* CKYSBusinessCollegeObserver.h */ = {isa = PBXFileReference; lastKnownFileType = sourcecode.c.h; path = CKYSBusinessCollegeObserver.h; sourceTree = "<group>"; };
		2CEEBE4720EF06F700CEA7DD /* CKYSBusinessCollegeObserver.m */ = {isa = PBXFileReference; lastKnownFileType = sourcecode.c.objc; path = CKYSBusinessCollegeObserver.m; sourceTree = "<group>"; };
		2CEEBFD420EF445200CEA7DD /* CKYSExcellentCourseContainerView.h */ = {isa = PBXFileReference; lastKnownFileType = sourcecode.c.h; path = CKYSExcellentCourseContainerView.h; sourceTree = "<group>"; };
		2CEEBFD520EF445200CEA7DD /* CKYSExcellentCourseContainerView.m */ = {isa = PBXFileReference; lastKnownFileType = sourcecode.c.objc; path = CKYSExcellentCourseContainerView.m; sourceTree = "<group>"; };
		2CEEBFD720EF44B600CEA7DD /* CKYSExcellentCourseContentCollectionView.h */ = {isa = PBXFileReference; lastKnownFileType = sourcecode.c.h; path = CKYSExcellentCourseContentCollectionView.h; sourceTree = "<group>"; };
		2CEEBFD820EF44B600CEA7DD /* CKYSExcellentCourseContentCollectionView.m */ = {isa = PBXFileReference; lastKnownFileType = sourcecode.c.objc; path = CKYSExcellentCourseContentCollectionView.m; sourceTree = "<group>"; };
		2CEEBFDD20EF45B400CEA7DD /* CKYSExcellentCourseContentCollectionViewDelegate.h */ = {isa = PBXFileReference; lastKnownFileType = sourcecode.c.h; path = CKYSExcellentCourseContentCollectionViewDelegate.h; sourceTree = "<group>"; };
		2CEEBFDE20EF45C200CEA7DD /* CKYSExcellentCourseSelectedTypeViewDelegate.h */ = {isa = PBXFileReference; lastKnownFileType = sourcecode.c.h; path = CKYSExcellentCourseSelectedTypeViewDelegate.h; sourceTree = "<group>"; };
		2CEEBFE120EF48EF00CEA7DD /* CKYSExcellentCourseContentCollectionCell.h */ = {isa = PBXFileReference; lastKnownFileType = sourcecode.c.h; path = CKYSExcellentCourseContentCollectionCell.h; sourceTree = "<group>"; };
		2CEEBFE220EF48EF00CEA7DD /* CKYSExcellentCourseContentCollectionCell.m */ = {isa = PBXFileReference; lastKnownFileType = sourcecode.c.objc; path = CKYSExcellentCourseContentCollectionCell.m; sourceTree = "<group>"; };
		2CEEBFE420EF491200CEA7DD /* CKYSExcellentCourseSelectedTypeCollectionCell.h */ = {isa = PBXFileReference; lastKnownFileType = sourcecode.c.h; path = CKYSExcellentCourseSelectedTypeCollectionCell.h; sourceTree = "<group>"; };
		2CEEBFE520EF491200CEA7DD /* CKYSExcellentCourseSelectedTypeCollectionCell.m */ = {isa = PBXFileReference; lastKnownFileType = sourcecode.c.objc; path = CKYSExcellentCourseSelectedTypeCollectionCell.m; sourceTree = "<group>"; };
		2CEEBFE720EF4D1B00CEA7DD /* CKYSExcellentCourseSelectedTypeItem.h */ = {isa = PBXFileReference; lastKnownFileType = sourcecode.c.h; path = CKYSExcellentCourseSelectedTypeItem.h; sourceTree = "<group>"; };
		2CEEBFE820EF4D1B00CEA7DD /* CKYSExcellentCourseSelectedTypeItem.m */ = {isa = PBXFileReference; lastKnownFileType = sourcecode.c.objc; path = CKYSExcellentCourseSelectedTypeItem.m; sourceTree = "<group>"; };
		575EC7C9280CF5C7FCA1F68A /* Pods-CKYS.release.xcconfig */ = {isa = PBXFileReference; includeInIndex = 1; lastKnownFileType = text.xcconfig; name = "Pods-CKYS.release.xcconfig"; path = "Pods/Target Support Files/Pods-CKYS/Pods-CKYS.release.xcconfig"; sourceTree = "<group>"; };
		6C1B781BDA07FBA5822D3D3E /* Pods-CKYS.debug.xcconfig */ = {isa = PBXFileReference; includeInIndex = 1; lastKnownFileType = text.xcconfig; name = "Pods-CKYS.debug.xcconfig"; path = "Pods/Target Support Files/Pods-CKYS/Pods-CKYS.debug.xcconfig"; sourceTree = "<group>"; };
/* End PBXFileReference section */

/* Begin PBXFrameworksBuildPhase section */
		2CC1D6A020EB05E10088CFA4 /* Frameworks */ = {
			isa = PBXFrameworksBuildPhase;
			buildActionMask = 2147483647;
			files = (
				C5B1230BEAAA55C57C40C784 /* libPods-CKYS.a in Frameworks */,
			);
			runOnlyForDeploymentPostprocessing = 0;
		};
		2CC1D6B820EB05E10088CFA4 /* Frameworks */ = {
			isa = PBXFrameworksBuildPhase;
			buildActionMask = 2147483647;
			files = (
			);
			runOnlyForDeploymentPostprocessing = 0;
		};
		2CC1D6C320EB05E10088CFA4 /* Frameworks */ = {
			isa = PBXFrameworksBuildPhase;
			buildActionMask = 2147483647;
			files = (
			);
			runOnlyForDeploymentPostprocessing = 0;
		};
/* End PBXFrameworksBuildPhase section */

/* Begin PBXGroup section */
		2C1A9EBE20ECA93500E21FEA /* Search */ = {
			isa = PBXGroup;
			children = (
				2C1A9EBF20ECA95300E21FEA /* CKYSBCSearchViewController.h */,
				2C1A9EC020ECA95300E21FEA /* CKYSBCSearchViewController.m */,
			);
			path = Search;
			sourceTree = "<group>";
		};
		2C1A9EC220ECAF6C00E21FEA /* SearchItem */ = {
			isa = PBXGroup;
			children = (
				2C1A9EC320ECAFB200E21FEA /* CKYSBCSearchItem.h */,
				2C1A9EC420ECAFB200E21FEA /* CKYSBCSearchItem.m */,
			);
			path = SearchItem;
			sourceTree = "<group>";
		};
		2C1A9EC620ECB10900E21FEA /* Category */ = {
			isa = PBXGroup;
			children = (
				2C1A9EC720ECB12E00E21FEA /* UIViewController+SearchItem.h */,
				2C1A9EC820ECB12E00E21FEA /* UIViewController+SearchItem.m */,
			);
			path = Category;
			sourceTree = "<group>";
		};
		2C1A9ED620ECB78400E21FEA /* Banner */ = {
			isa = PBXGroup;
			children = (
				2C1A9ED720ECB7FE00E21FEA /* CKYSBCHotCourseViewController.h */,
				2C1A9ED820ECB7FE00E21FEA /* CKYSBCHotCourseViewController.m */,
			);
			path = Banner;
			sourceTree = "<group>";
		};
		2C1A9EDA20ED072C00E21FEA /* framework */ = {
			isa = PBXGroup;
			children = (
				2C1A9EFF20EE022600E21FEA /* Const */,
				2C1A9EDB20ED079A00E21FEA /* CKYSNetworkTool.h */,
				2C1A9EDC20ED079A00E21FEA /* CKYSNetworkTool.m */,
				2CEEBE3920EE199C00CEA7DD /* CKYSFileUtils.h */,
				2CEEBE3A20EE199C00CEA7DD /* CKYSFileUtils.m */,
				2C1A9EFB20EDB47800E21FEA /* NSLog */,
				2C1A9EFE20EDFE5A00E21FEA /* BusinessCollege */,
			);
			path = framework;
			sourceTree = "<group>";
		};
		2C1A9EE420ED12AB00E21FEA /* TempItem */ = {
			isa = PBXGroup;
			children = (
				2C1A9EE520ED12E000E21FEA /* CKYSBusinessCollegeItem.h */,
				2C1A9EE620ED12E000E21FEA /* CKYSBusinessCollegeItem.m */,
				2C1A9EEC20ED145700E21FEA /* CKYSBusinessCollegeHonorListItem.h */,
				2C1A9EED20ED145700E21FEA /* CKYSBusinessCollegeHonorListItem.m */,
				2C1A9EEF20ED14AC00E21FEA /* CKYSBusinessCollegeMediaReportItem.h */,
				2C1A9EF020ED14AC00E21FEA /* CKYSBusinessCollegeMediaReportItem.m */,
				2C1A9EF220ED158A00E21FEA /* CKYSBusinessCollegeTopnewsItem.h */,
				2C1A9EF320ED158A00E21FEA /* CKYSBusinessCollegeTopnewsItem.m */,
			);
			path = TempItem;
			sourceTree = "<group>";
		};
		2C1A9EE820ED136500E21FEA /* Banner */ = {
			isa = PBXGroup;
			children = (
				2C1A9EE920ED137E00E21FEA /* CKYSBusinessCollegeBannerItem.h */,
				2C1A9EEA20ED137E00E21FEA /* CKYSBusinessCollegeBannerItem.m */,
			);
			path = Banner;
			sourceTree = "<group>";
		};
		2C1A9EFB20EDB47800E21FEA /* NSLog */ = {
			isa = PBXGroup;
			children = (
				2C1A9EFC20EDB49300E21FEA /* NSLog.h */,
			);
			path = NSLog;
			sourceTree = "<group>";
		};
		2C1A9EFD20EDFB9C00E21FEA /* CKYSBusinessCollegeService */ = {
			isa = PBXGroup;
			children = (
				2C1A9EF820EDADDC00E21FEA /* CKYSBusinessCollegeService.h */,
				2C1A9EF920EDADDC00E21FEA /* CKYSBusinessCollegeService.m */,
				2CEEBE4220EEEDD300CEA7DD /* CKYSBusinessCollegeServiceHelp.h */,
				2CEEBE4320EEEDD300CEA7DD /* CKYSBusinessCollegeServiceHelp.m */,
			);
			path = CKYSBusinessCollegeService;
			sourceTree = "<group>";
		};
		2C1A9EFE20EDFE5A00E21FEA /* BusinessCollege */ = {
			isa = PBXGroup;
			children = (
				2CEEBE4520EF06D600CEA7DD /* Observer */,
				2C1A9EFD20EDFB9C00E21FEA /* CKYSBusinessCollegeService */,
				2C1A9F3F20EE16DA00E21FEA /* CKYSBusinessCollegeCache */,
				2CC1D75C20EB28FE0088CFA4 /* CKYSBusinessCollegeItem */,
			);
			path = BusinessCollege;
			sourceTree = "<group>";
		};
		2C1A9EFF20EE022600E21FEA /* Const */ = {
			isa = PBXGroup;
			children = (
				2CEEBE3D20EE381900CEA7DD /* NSString+MD5.h */,
				2CEEBE3C20EE381800CEA7DD /* NSString+MD5.m */,
				2C1A9F0020EE023D00E21FEA /* CKYSScreenConst.h */,
			);
			path = Const;
			sourceTree = "<group>";
		};
		2C1A9F3F20EE16DA00E21FEA /* CKYSBusinessCollegeCache */ = {
			isa = PBXGroup;
			children = (
				2C1A9F4020EE16FC00E21FEA /* CKYSBusinessCollegeCache.h */,
				2C1A9F4120EE16FC00E21FEA /* CKYSBusinessCollegeCache.m */,
			);
			path = CKYSBusinessCollegeCache;
			sourceTree = "<group>";
		};
		2C44C8B920EC5F9C00ABD85D /* Banner */ = {
			isa = PBXGroup;
			children = (
				2C44C8BA20EC61B400ABD85D /* CKYSBusinessCollegeBannerCell.h */,
				2C44C8BB20EC61B400ABD85D /* CKYSBusinessCollegeBannerCell.m */,
				2C44C8BD20EC61F500ABD85D /* CKYSBusinessCollegeBannerCellDelegate.h */,
			);
			path = Banner;
			sourceTree = "<group>";
		};
		2C44C8BE20EC8E2200ABD85D /* BusinessCollege */ = {
			isa = PBXGroup;
			children = (
				2CC1D6DF20EB09940088CFA4 /* CKYSBusinessCollegeViewController.h */,
				2CC1D6E020EB09940088CFA4 /* CKYSBusinessCollegeViewController.m */,
			);
			path = BusinessCollege;
			sourceTree = "<group>";
		};
		2C44C8BF20EC8E7D00ABD85D /* Workplace */ = {
			isa = PBXGroup;
			children = (
				2C1A9ECA20ECB4FF00E21FEA /* CKYSBusinessCollegeXBRMViewController.h */,
				2C1A9ECB20ECB4FF00E21FEA /* CKYSBusinessCollegeXBRMViewController.m */,
				2C1A9ECD20ECB51700E21FEA /* CKYSBusinessCollegeJYTSViewController.h */,
				2C1A9ECE20ECB51700E21FEA /* CKYSBusinessCollegeJYTSViewController.m */,
				2C1A9ED020ECB56900E21FEA /* CKYSBusinessCollegeSQGLViewController.h */,
				2C1A9ED120ECB56900E21FEA /* CKYSBusinessCollegeSQGLViewController.m */,
			);
			path = Workplace;
			sourceTree = "<group>";
		};
		2C44C8C020EC8E8B00ABD85D /* FreshList */ = {
			isa = PBXGroup;
			children = (
				2C1A9ED320ECB70800E21FEA /* CKYSBusinessCollegeFreshListViewController.h */,
				2C1A9ED420ECB70800E21FEA /* CKYSBusinessCollegeFreshListViewController.m */,
			);
			path = FreshList;
			sourceTree = "<group>";
		};
		2C44C8C120EC8E9300ABD85D /* ExcellentCourse */ = {
			isa = PBXGroup;
			children = (
				2C44C8C320EC910500ABD85D /* CKYSBCExcellentCourseViewController.h */,
				2C44C8C420EC910500ABD85D /* CKYSBCExcellentCourseViewController.m */,
				2C1A9EB520ECA4DC00E21FEA /* CKYSBCCourseDetailViewController.h */,
				2C1A9EB620ECA4DC00E21FEA /* CKYSBCCourseDetailViewController.m */,
			);
			path = ExcellentCourse;
			sourceTree = "<group>";
		};
		2C44C8C220EC8EA700ABD85D /* FamousTeacher */ = {
			isa = PBXGroup;
			children = (
				2C1A9EB820ECA6E300E21FEA /* CKYSBCTeacherListViewController.h */,
				2C1A9EB920ECA6E300E21FEA /* CKYSBCTeacherListViewController.m */,
				2C1A9EBB20ECA7F800E21FEA /* CKYSBCTeacherDetailViewController.h */,
				2C1A9EBC20ECA7F800E21FEA /* CKYSBCTeacherDetailViewController.m */,
			);
			path = FamousTeacher;
			sourceTree = "<group>";
		};
		2CC1D69A20EB05E10088CFA4 = {
			isa = PBXGroup;
			children = (
				2CC1D6A520EB05E10088CFA4 /* CKYS */,
				2CC1D6BE20EB05E10088CFA4 /* CKYSTests */,
				2CC1D6C920EB05E10088CFA4 /* CKYSUITests */,
				2CC1D6A420EB05E10088CFA4 /* Products */,
				CA1EE5A53012773A13903E6E /* Pods */,
				4865B4A625A48E3E75AB479E /* Frameworks */,
			);
			sourceTree = "<group>";
		};
		2CC1D6A420EB05E10088CFA4 /* Products */ = {
			isa = PBXGroup;
			children = (
				2CC1D6A320EB05E10088CFA4 /* CKYS.app */,
				2CC1D6BB20EB05E10088CFA4 /* CKYSTests.xctest */,
				2CC1D6C620EB05E10088CFA4 /* CKYSUITests.xctest */,
			);
			name = Products;
			sourceTree = "<group>";
		};
		2CC1D6A520EB05E10088CFA4 /* CKYS */ = {
			isa = PBXGroup;
			children = (
				2CC1D6DC20EB08FD0088CFA4 /* AppDelegate */,
				2C1A9EDA20ED072C00E21FEA /* framework */,
				2CC1D74820EB0DA70088CFA4 /* BusinessCollege */,
				2CC1D74B20EB12090088CFA4 /* ThirdLib */,
				2CC1D73120EB09C50088CFA4 /* Common.h */,
				2CC1D6B420EB05E10088CFA4 /* Info.plist */,
				2CC1D6B520EB05E10088CFA4 /* main.m */,
				2CC1D6D820EB06520088CFA4 /* Images.xcassets */,
			);
			path = CKYS;
			sourceTree = "<group>";
		};
		2CC1D6BE20EB05E10088CFA4 /* CKYSTests */ = {
			isa = PBXGroup;
			children = (
				2CC1D6BF20EB05E10088CFA4 /* CKYSTests.m */,
				2CC1D6C120EB05E10088CFA4 /* Info.plist */,
			);
			path = CKYSTests;
			sourceTree = "<group>";
		};
		2CC1D6C920EB05E10088CFA4 /* CKYSUITests */ = {
			isa = PBXGroup;
			children = (
				2CC1D6CA20EB05E10088CFA4 /* CKYSUITests.m */,
				2CC1D6CC20EB05E10088CFA4 /* Info.plist */,
			);
			path = CKYSUITests;
			sourceTree = "<group>";
		};
		2CC1D6DC20EB08FD0088CFA4 /* AppDelegate */ = {
			isa = PBXGroup;
			children = (
				2CC1D6A620EB05E10088CFA4 /* AppDelegate.h */,
				2CC1D6A720EB05E10088CFA4 /* AppDelegate.m */,
				2C1A9EE120ED09AF00E21FEA /* AppDelegate+Category.h */,
				2C1A9EE220ED09AF00E21FEA /* AppDelegate+Category.m */,
			);
			path = AppDelegate;
			sourceTree = "<group>";
		};
		2CC1D6DD20EB090E0088CFA4 /* ViewController */ = {
			isa = PBXGroup;
			children = (
				2C44C8BE20EC8E2200ABD85D /* BusinessCollege */,
				2C1A9ED620ECB78400E21FEA /* Banner */,
				2C44C8BF20EC8E7D00ABD85D /* Workplace */,
				2C44C8C020EC8E8B00ABD85D /* FreshList */,
				2C44C8C120EC8E9300ABD85D /* ExcellentCourse */,
				2C44C8C220EC8EA700ABD85D /* FamousTeacher */,
				2C1A9EBE20ECA93500E21FEA /* Search */,
				2C1A9EC620ECB10900E21FEA /* Category */,
			);
			name = ViewController;
			path = "New Group";
			sourceTree = "<group>";
		};
		2CC1D6DE20EB09780088CFA4 /* View */ = {
			isa = PBXGroup;
			children = (
				2CEEBFCF20EF428700CEA7DD /* BusinessCollege */,
				2CEEBFD020EF42AA00CEA7DD /* ExcellentCourse */,
				2C1A9EC220ECAF6C00E21FEA /* SearchItem */,
				2CC1D75820EB1B950088CFA4 /* TitleMoreButton */,
			);
			path = View;
			sourceTree = "<group>";
		};
		2CC1D73220EB09F60088CFA4 /* FreshList */ = {
			isa = PBXGroup;
			children = (
				2CC1D73820EB0A0B0088CFA4 /* CKYSBusinessCollegeFreshListCell.h */,
				2CC1D73520EB0A0B0088CFA4 /* CKYSBusinessCollegeFreshListCell.m */,
				2CC1D73320EB0A0B0088CFA4 /* CKYSBusinessCollegeFreshListCellDelegate.h */,
				2CC1D73420EB0A0B0088CFA4 /* CKYSBusinessCollegeFreshListItemCell.h */,
				2CC1D73720EB0A0B0088CFA4 /* CKYSBusinessCollegeFreshListItemCell.m */,
			);
			path = FreshList;
			sourceTree = "<group>";
		};
		2CC1D73D20EB0A0F0088CFA4 /* Workplace */ = {
			isa = PBXGroup;
			children = (
				2CC1D74120EB0A200088CFA4 /* CKYSBusinessCollegeWorkplaceCell.h */,
				2CC1D74420EB0A200088CFA4 /* CKYSBusinessCollegeWorkplaceCell.m */,
				2CC1D73E20EB0A200088CFA4 /* CKYSBusinessCollegeWorkplaceCellDelegate.h */,
				2C1A9EB420EC950100E21FEA /* CKYSBusinessCollegeWorkplaceItemCellTypeConst.h */,
				2CC1D74320EB0A200088CFA4 /* CKYSBusinessCollegeWorkplaceItemCell.h */,
				2CC1D74220EB0A200088CFA4 /* CKYSBusinessCollegeWorkplaceItemCell.m */,
			);
			path = Workplace;
			sourceTree = "<group>";
		};
		2CC1D74820EB0DA70088CFA4 /* BusinessCollege */ = {
			isa = PBXGroup;
			children = (
				2CC1D6DD20EB090E0088CFA4 /* ViewController */,
				2CC1D6DE20EB09780088CFA4 /* View */,
			);
			path = BusinessCollege;
			sourceTree = "<group>";
		};
		2CC1D74920EB0DC80088CFA4 /* TableView */ = {
			isa = PBXGroup;
			children = (
				2CEEBF2420EF1CDB00CEA7DD /* BusinessCollege */,
				2CEEBF2520EF1CE700CEA7DD /* ExcellentCourse */,
			);
			path = TableView;
			sourceTree = "<group>";
		};
		2CC1D74A20EB0DD50088CFA4 /* Cell */ = {
			isa = PBXGroup;
			children = (
				2C44C8B920EC5F9C00ABD85D /* Banner */,
				2CC1D73D20EB0A0F0088CFA4 /* Workplace */,
				2CC1D73220EB09F60088CFA4 /* FreshList */,
				2CC1D75020EB14470088CFA4 /* ExcellentCourse */,
				2CC1D76420EB471D0088CFA4 /* FamousTeacher */,
			);
			path = Cell;
			sourceTree = "<group>";
		};
		2CC1D74B20EB12090088CFA4 /* ThirdLib */ = {
			isa = PBXGroup;
			children = (
				2CC1D74C20EB12160088CFA4 /* Catogery */,
			);
			path = ThirdLib;
			sourceTree = "<group>";
		};
		2CC1D74C20EB12160088CFA4 /* Catogery */ = {
			isa = PBXGroup;
			children = (
				2CC1D74D20EB122F0088CFA4 /* UILabel+Category.h */,
				2CC1D74E20EB122F0088CFA4 /* UILabel+Category.m */,
				2C44C8B620EC5CE500ABD85D /* UIView+Category.h */,
				2C44C8B720EC5CE500ABD85D /* UIView+Category.m */,
			);
			path = Catogery;
			sourceTree = "<group>";
		};
		2CC1D75020EB14470088CFA4 /* ExcellentCourse */ = {
			isa = PBXGroup;
			children = (
				2CC1D75120EB16750088CFA4 /* CKYSBusinessCollegeExcellentCourseCell.h */,
				2CC1D75220EB16750088CFA4 /* CKYSBusinessCollegeExcellentCourseCell.m */,
				2CC1D75420EB16A80088CFA4 /* CKYSBusinessCollegeExcellentCourseCellDelegate.h */,
				2CC1D75520EB17830088CFA4 /* CKYSBusinessCollegeExcellentCourseItemCell.h */,
				2CC1D75620EB17830088CFA4 /* CKYSBusinessCollegeExcellentCourseItemCell.m */,
			);
			path = ExcellentCourse;
			sourceTree = "<group>";
		};
		2CC1D75820EB1B950088CFA4 /* TitleMoreButton */ = {
			isa = PBXGroup;
			children = (
				2CC1D75920EB1BE80088CFA4 /* CKYSBusinessCollegeTitleMoreButtonView.h */,
				2CC1D75A20EB1BE80088CFA4 /* CKYSBusinessCollegeTitleMoreButtonView.m */,
				2CC1D77020EB59AD0088CFA4 /* CKYSBusinessCollegeTitleMoreButtonViewDelegate.h */,
			);
			path = TitleMoreButton;
			sourceTree = "<group>";
		};
		2CC1D75C20EB28FE0088CFA4 /* CKYSBusinessCollegeItem */ = {
			isa = PBXGroup;
			children = (
				2C1A9EE420ED12AB00E21FEA /* TempItem */,
				2C1A9EE820ED136500E21FEA /* Banner */,
				2CC1D75D20EB293B0088CFA4 /* Workplace */,
				2CC1D75F20EB29660088CFA4 /* FreshList */,
				2CC1D76020EB29850088CFA4 /* ExcellentCourse */,
				2CC1D76C20EB4ADD0088CFA4 /* FamousTeacher */,
			);
			path = CKYSBusinessCollegeItem;
			sourceTree = "<group>";
		};
		2CC1D75D20EB293B0088CFA4 /* Workplace */ = {
			isa = PBXGroup;
			children = (
				2CC1D73F20EB0A200088CFA4 /* CKYSBusinessCollegeWorkplaceItem.h */,
				2CC1D74020EB0A200088CFA4 /* CKYSBusinessCollegeWorkplaceItem.m */,
			);
			path = Workplace;
			sourceTree = "<group>";
		};
		2CC1D75F20EB29660088CFA4 /* FreshList */ = {
			isa = PBXGroup;
			children = (
				2CC1D73620EB0A0B0088CFA4 /* CKYSBusinessCollegeFreshListItem.h */,
				2CC1D73920EB0A0B0088CFA4 /* CKYSBusinessCollegeFreshListItem.m */,
			);
			path = FreshList;
			sourceTree = "<group>";
		};
		2CC1D76020EB29850088CFA4 /* ExcellentCourse */ = {
			isa = PBXGroup;
			children = (
				2CC1D76120EB299B0088CFA4 /* CKYSBusinessCollegeExcellentCourseItem.h */,
				2CC1D76220EB299B0088CFA4 /* CKYSBusinessCollegeExcellentCourseItem.m */,
				2CEEBFE720EF4D1B00CEA7DD /* CKYSExcellentCourseSelectedTypeItem.h */,
				2CEEBFE820EF4D1B00CEA7DD /* CKYSExcellentCourseSelectedTypeItem.m */,
			);
			path = ExcellentCourse;
			sourceTree = "<group>";
		};
		2CC1D76420EB471D0088CFA4 /* FamousTeacher */ = {
			isa = PBXGroup;
			children = (
				2CC1D76520EB47800088CFA4 /* CKYSBusinessCollegeFamousTeacherCell.h */,
				2CC1D76620EB47800088CFA4 /* CKYSBusinessCollegeFamousTeacherCell.m */,
				2CC1D76B20EB47C10088CFA4 /* CKYSBusinessCollegeFamousTeacherCellDelegate.h */,
				2CC1D76820EB47A60088CFA4 /* CKYSBusinessCollegeFamousTeacherItemCell.h */,
				2CC1D76920EB47A60088CFA4 /* CKYSBusinessCollegeFamousTeacherItemCell.m */,
			);
			path = FamousTeacher;
			sourceTree = "<group>";
		};
		2CC1D76C20EB4ADD0088CFA4 /* FamousTeacher */ = {
			isa = PBXGroup;
			children = (
				2CC1D76D20EB4B090088CFA4 /* CKYSBusinessCollegeFamousTeacherItem.h */,
				2CC1D76E20EB4B090088CFA4 /* CKYSBusinessCollegeFamousTeacherItem.m */,
			);
			path = FamousTeacher;
			sourceTree = "<group>";
		};
		2CEEBE4520EF06D600CEA7DD /* Observer */ = {
			isa = PBXGroup;
			children = (
				2CEEBE4620EF06F700CEA7DD /* CKYSBusinessCollegeObserver.h */,
				2CEEBE4720EF06F700CEA7DD /* CKYSBusinessCollegeObserver.m */,
			);
			path = Observer;
			sourceTree = "<group>";
		};
		2CEEBF2420EF1CDB00CEA7DD /* BusinessCollege */ = {
			isa = PBXGroup;
			children = (
				2CC1D6E320EB099C0088CFA4 /* CKYSBusinessCollegeTableView.h */,
				2CC1D6E220EB099C0088CFA4 /* CKYSBusinessCollegeTableView.m */,
				2C44C8C620EC923300ABD85D /* CKYSBusinessCollegeTableViewDelegate.h */,
				2C44C8B420EC578F00ABD85D /* CKYSBusinessCollegeTableViewCellTypeConst.h */,
				2C44C8B520EC5C5E00ABD85D /* CKYSBusinessCollegeTableViewCellConst.h */,
			);
			path = BusinessCollege;
			sourceTree = "<group>";
		};
		2CEEBF2520EF1CE700CEA7DD /* ExcellentCourse */ = {
			isa = PBXGroup;
			children = (
			);
			path = ExcellentCourse;
			sourceTree = "<group>";
		};
		2CEEBFCF20EF428700CEA7DD /* BusinessCollege */ = {
			isa = PBXGroup;
			children = (
				2CC1D74920EB0DC80088CFA4 /* TableView */,
				2CC1D74A20EB0DD50088CFA4 /* Cell */,
			);
			path = BusinessCollege;
			sourceTree = "<group>";
		};
		2CEEBFD020EF42AA00CEA7DD /* ExcellentCourse */ = {
			isa = PBXGroup;
			children = (
				2CEEBFDF20EF489800CEA7DD /* CollectionView */,
				2CEEBFE020EF48B000CEA7DD /* Cell */,
			);
			path = ExcellentCourse;
			sourceTree = "<group>";
		};
		2CEEBFDF20EF489800CEA7DD /* CollectionView */ = {
			isa = PBXGroup;
			children = (
				2CEEBFD420EF445200CEA7DD /* CKYSExcellentCourseContainerView.h */,
				2CEEBFD520EF445200CEA7DD /* CKYSExcellentCourseContainerView.m */,
				2CEEBFD720EF44B600CEA7DD /* CKYSExcellentCourseContentCollectionView.h */,
				2CEEBFD820EF44B600CEA7DD /* CKYSExcellentCourseContentCollectionView.m */,
				2CEEBFDD20EF45B400CEA7DD /* CKYSExcellentCourseContentCollectionViewDelegate.h */,
				2CEEBFDE20EF45C200CEA7DD /* CKYSExcellentCourseSelectedTypeViewDelegate.h */,
			);
			path = CollectionView;
			sourceTree = "<group>";
		};
		2CEEBFE020EF48B000CEA7DD /* Cell */ = {
			isa = PBXGroup;
			children = (
				2CEEBFE120EF48EF00CEA7DD /* CKYSExcellentCourseContentCollectionCell.h */,
				2CEEBFE220EF48EF00CEA7DD /* CKYSExcellentCourseContentCollectionCell.m */,
				2CEEBFE420EF491200CEA7DD /* CKYSExcellentCourseSelectedTypeCollectionCell.h */,
				2CEEBFE520EF491200CEA7DD /* CKYSExcellentCourseSelectedTypeCollectionCell.m */,
			);
			path = Cell;
			sourceTree = "<group>";
		};
		4865B4A625A48E3E75AB479E /* Frameworks */ = {
			isa = PBXGroup;
			children = (
				0FD9513738C930D2354EC1CC /* libPods-CKYS.a */,
			);
			name = Frameworks;
			sourceTree = "<group>";
		};
		CA1EE5A53012773A13903E6E /* Pods */ = {
			isa = PBXGroup;
			children = (
				6C1B781BDA07FBA5822D3D3E /* Pods-CKYS.debug.xcconfig */,
				575EC7C9280CF5C7FCA1F68A /* Pods-CKYS.release.xcconfig */,
			);
			name = Pods;
			sourceTree = "<group>";
		};
/* End PBXGroup section */

/* Begin PBXNativeTarget section */
		2CC1D6A220EB05E10088CFA4 /* CKYS */ = {
			isa = PBXNativeTarget;
			buildConfigurationList = 2CC1D6CF20EB05E10088CFA4 /* Build configuration list for PBXNativeTarget "CKYS" */;
			buildPhases = (
				F33B64C9252A91C9E504A0F3 /* [CP] Check Pods Manifest.lock */,
				2CC1D69F20EB05E10088CFA4 /* Sources */,
				2CC1D6A020EB05E10088CFA4 /* Frameworks */,
				2CC1D6A120EB05E10088CFA4 /* Resources */,
				E9C307CB65D38A932F40E431 /* [CP] Copy Pods Resources */,
			);
			buildRules = (
			);
			dependencies = (
			);
			name = CKYS;
			productName = CKYS;
			productReference = 2CC1D6A320EB05E10088CFA4 /* CKYS.app */;
			productType = "com.apple.product-type.application";
		};
		2CC1D6BA20EB05E10088CFA4 /* CKYSTests */ = {
			isa = PBXNativeTarget;
			buildConfigurationList = 2CC1D6D220EB05E10088CFA4 /* Build configuration list for PBXNativeTarget "CKYSTests" */;
			buildPhases = (
				2CC1D6B720EB05E10088CFA4 /* Sources */,
				2CC1D6B820EB05E10088CFA4 /* Frameworks */,
				2CC1D6B920EB05E10088CFA4 /* Resources */,
			);
			buildRules = (
			);
			dependencies = (
				2CC1D6BD20EB05E10088CFA4 /* PBXTargetDependency */,
			);
			name = CKYSTests;
			productName = CKYSTests;
			productReference = 2CC1D6BB20EB05E10088CFA4 /* CKYSTests.xctest */;
			productType = "com.apple.product-type.bundle.unit-test";
		};
		2CC1D6C520EB05E10088CFA4 /* CKYSUITests */ = {
			isa = PBXNativeTarget;
			buildConfigurationList = 2CC1D6D520EB05E10088CFA4 /* Build configuration list for PBXNativeTarget "CKYSUITests" */;
			buildPhases = (
				2CC1D6C220EB05E10088CFA4 /* Sources */,
				2CC1D6C320EB05E10088CFA4 /* Frameworks */,
				2CC1D6C420EB05E10088CFA4 /* Resources */,
			);
			buildRules = (
			);
			dependencies = (
				2CC1D6C820EB05E10088CFA4 /* PBXTargetDependency */,
			);
			name = CKYSUITests;
			productName = CKYSUITests;
			productReference = 2CC1D6C620EB05E10088CFA4 /* CKYSUITests.xctest */;
			productType = "com.apple.product-type.bundle.ui-testing";
		};
/* End PBXNativeTarget section */

/* Begin PBXProject section */
		2CC1D69B20EB05E10088CFA4 /* Project object */ = {
			isa = PBXProject;
			attributes = {
				LastUpgradeCheck = 0920;
				ORGANIZATIONNAME = YY;
				TargetAttributes = {
					2CC1D6A220EB05E10088CFA4 = {
						CreatedOnToolsVersion = 9.2;
						ProvisioningStyle = Automatic;
					};
					2CC1D6BA20EB05E10088CFA4 = {
						CreatedOnToolsVersion = 9.2;
						ProvisioningStyle = Automatic;
						TestTargetID = 2CC1D6A220EB05E10088CFA4;
					};
					2CC1D6C520EB05E10088CFA4 = {
						CreatedOnToolsVersion = 9.2;
						ProvisioningStyle = Automatic;
						TestTargetID = 2CC1D6A220EB05E10088CFA4;
					};
				};
			};
			buildConfigurationList = 2CC1D69E20EB05E10088CFA4 /* Build configuration list for PBXProject "CKYS" */;
			compatibilityVersion = "Xcode 8.0";
			developmentRegion = en;
			hasScannedForEncodings = 0;
			knownRegions = (
				en,
				Base,
			);
			mainGroup = 2CC1D69A20EB05E10088CFA4;
			productRefGroup = 2CC1D6A420EB05E10088CFA4 /* Products */;
			projectDirPath = "";
			projectRoot = "";
			targets = (
				2CC1D6A220EB05E10088CFA4 /* CKYS */,
				2CC1D6BA20EB05E10088CFA4 /* CKYSTests */,
				2CC1D6C520EB05E10088CFA4 /* CKYSUITests */,
			);
		};
/* End PBXProject section */

/* Begin PBXResourcesBuildPhase section */
		2CC1D6A120EB05E10088CFA4 /* Resources */ = {
			isa = PBXResourcesBuildPhase;
			buildActionMask = 2147483647;
			files = (
				2CC1D6D920EB06520088CFA4 /* Images.xcassets in Resources */,
			);
			runOnlyForDeploymentPostprocessing = 0;
		};
		2CC1D6B920EB05E10088CFA4 /* Resources */ = {
			isa = PBXResourcesBuildPhase;
			buildActionMask = 2147483647;
			files = (
			);
			runOnlyForDeploymentPostprocessing = 0;
		};
		2CC1D6C420EB05E10088CFA4 /* Resources */ = {
			isa = PBXResourcesBuildPhase;
			buildActionMask = 2147483647;
			files = (
			);
			runOnlyForDeploymentPostprocessing = 0;
		};
/* End PBXResourcesBuildPhase section */

/* Begin PBXShellScriptBuildPhase section */
		E9C307CB65D38A932F40E431 /* [CP] Copy Pods Resources */ = {
			isa = PBXShellScriptBuildPhase;
			buildActionMask = 2147483647;
			files = (
			);
			inputPaths = (
				"${SRCROOT}/Pods/Target Support Files/Pods-CKYS/Pods-CKYS-resources.sh",
				"${PODS_ROOT}/MJRefresh/MJRefresh/MJRefresh.bundle",
			);
			name = "[CP] Copy Pods Resources";
			outputPaths = (
				"${TARGET_BUILD_DIR}/${UNLOCALIZED_RESOURCES_FOLDER_PATH}/MJRefresh.bundle",
			);
			runOnlyForDeploymentPostprocessing = 0;
			shellPath = /bin/sh;
			shellScript = "\"${SRCROOT}/Pods/Target Support Files/Pods-CKYS/Pods-CKYS-resources.sh\"\n";
			showEnvVarsInLog = 0;
		};
		F33B64C9252A91C9E504A0F3 /* [CP] Check Pods Manifest.lock */ = {
			isa = PBXShellScriptBuildPhase;
			buildActionMask = 2147483647;
			files = (
			);
			inputPaths = (
				"${PODS_PODFILE_DIR_PATH}/Podfile.lock",
				"${PODS_ROOT}/Manifest.lock",
			);
			name = "[CP] Check Pods Manifest.lock";
			outputPaths = (
				"$(DERIVED_FILE_DIR)/Pods-CKYS-checkManifestLockResult.txt",
			);
			runOnlyForDeploymentPostprocessing = 0;
			shellPath = /bin/sh;
			shellScript = "diff \"${PODS_PODFILE_DIR_PATH}/Podfile.lock\" \"${PODS_ROOT}/Manifest.lock\" > /dev/null\nif [ $? != 0 ] ; then\n    # print error to STDERR\n    echo \"error: The sandbox is not in sync with the Podfile.lock. Run 'pod install' or update your CocoaPods installation.\" >&2\n    exit 1\nfi\n# This output is used by Xcode 'outputs' to avoid re-running this script phase.\necho \"SUCCESS\" > \"${SCRIPT_OUTPUT_FILE_0}\"\n";
			showEnvVarsInLog = 0;
		};
/* End PBXShellScriptBuildPhase section */

/* Begin PBXSourcesBuildPhase section */
		2CC1D69F20EB05E10088CFA4 /* Sources */ = {
			isa = PBXSourcesBuildPhase;
			buildActionMask = 2147483647;
			files = (
				2CC1D6E420EB099C0088CFA4 /* CKYSBusinessCollegeTableView.m in Sources */,
				2C1A9EEE20ED145700E21FEA /* CKYSBusinessCollegeHonorListItem.m in Sources */,
				2C1A9EE320ED09AF00E21FEA /* AppDelegate+Category.m in Sources */,
				2CC1D76A20EB47A60088CFA4 /* CKYSBusinessCollegeFamousTeacherItemCell.m in Sources */,
				2C1A9EC920ECB12E00E21FEA /* UIViewController+SearchItem.m in Sources */,
				2C1A9ECC20ECB4FF00E21FEA /* CKYSBusinessCollegeXBRMViewController.m in Sources */,
				2CC1D6B620EB05E10088CFA4 /* main.m in Sources */,
				2C1A9EC120ECA95300E21FEA /* CKYSBCSearchViewController.m in Sources */,
				2CC1D6E120EB09940088CFA4 /* CKYSBusinessCollegeViewController.m in Sources */,
				2CEEBE4820EF06F700CEA7DD /* CKYSBusinessCollegeObserver.m in Sources */,
				2C1A9EC520ECAFB200E21FEA /* CKYSBCSearchItem.m in Sources */,
				2C1A9EDD20ED079A00E21FEA /* CKYSNetworkTool.m in Sources */,
				2C44C8C520EC910500ABD85D /* CKYSBCExcellentCourseViewController.m in Sources */,
				2CC1D74F20EB122F0088CFA4 /* UILabel+Category.m in Sources */,
				2C1A9EE720ED12E000E21FEA /* CKYSBusinessCollegeItem.m in Sources */,
				2C44C8BC20EC61B400ABD85D /* CKYSBusinessCollegeBannerCell.m in Sources */,
				2C1A9F4220EE16FC00E21FEA /* CKYSBusinessCollegeCache.m in Sources */,
				2CEEBFD620EF445200CEA7DD /* CKYSExcellentCourseContainerView.m in Sources */,
				2CC1D76720EB47800088CFA4 /* CKYSBusinessCollegeFamousTeacherCell.m in Sources */,
				2CC1D73A20EB0A0B0088CFA4 /* CKYSBusinessCollegeFreshListCell.m in Sources */,
				2C1A9EB720ECA4DC00E21FEA /* CKYSBCCourseDetailViewController.m in Sources */,
				2CEEBFE320EF48EF00CEA7DD /* CKYSExcellentCourseContentCollectionCell.m in Sources */,
				2CC1D75720EB17830088CFA4 /* CKYSBusinessCollegeExcellentCourseItemCell.m in Sources */,
				2C1A9EBD20ECA7F800E21FEA /* CKYSBCTeacherDetailViewController.m in Sources */,
				2CEEBE3E20EE381900CEA7DD /* NSString+MD5.m in Sources */,
				2C1A9EBA20ECA6E300E21FEA /* CKYSBCTeacherListViewController.m in Sources */,
				2C1A9EF420ED158A00E21FEA /* CKYSBusinessCollegeTopnewsItem.m in Sources */,
				2CC1D74620EB0A210088CFA4 /* CKYSBusinessCollegeWorkplaceItemCell.m in Sources */,
				2C1A9EEB20ED137E00E21FEA /* CKYSBusinessCollegeBannerItem.m in Sources */,
				2CEEBFE620EF491200CEA7DD /* CKYSExcellentCourseSelectedTypeCollectionCell.m in Sources */,
				2CC1D76320EB299B0088CFA4 /* CKYSBusinessCollegeExcellentCourseItem.m in Sources */,
				2CC1D76F20EB4B090088CFA4 /* CKYSBusinessCollegeFamousTeacherItem.m in Sources */,
				2C1A9ED920ECB7FE00E21FEA /* CKYSBCHotCourseViewController.m in Sources */,
				2CEEBFE920EF4D1B00CEA7DD /* CKYSExcellentCourseSelectedTypeItem.m in Sources */,
				2CC1D74520EB0A210088CFA4 /* CKYSBusinessCollegeWorkplaceItem.m in Sources */,
				2CC1D74720EB0A210088CFA4 /* CKYSBusinessCollegeWorkplaceCell.m in Sources */,
				2CC1D73C20EB0A0B0088CFA4 /* CKYSBusinessCollegeFreshListItem.m in Sources */,
				2CEEBE4420EEEDD300CEA7DD /* CKYSBusinessCollegeServiceHelp.m in Sources */,
				2CEEBE3B20EE199C00CEA7DD /* CKYSFileUtils.m in Sources */,
				2CC1D73B20EB0A0B0088CFA4 /* CKYSBusinessCollegeFreshListItemCell.m in Sources */,
				2C1A9EFA20EDADDC00E21FEA /* CKYSBusinessCollegeService.m in Sources */,
				2C1A9ED520ECB70800E21FEA /* CKYSBusinessCollegeFreshListViewController.m in Sources */,
				2CC1D75B20EB1BE80088CFA4 /* CKYSBusinessCollegeTitleMoreButtonView.m in Sources */,
				2C1A9EF120ED14AC00E21FEA /* CKYSBusinessCollegeMediaReportItem.m in Sources */,
				2CC1D75320EB16750088CFA4 /* CKYSBusinessCollegeExcellentCourseCell.m in Sources */,
				2C44C8B820EC5CE500ABD85D /* UIView+Category.m in Sources */,
				2C1A9ECF20ECB51700E21FEA /* CKYSBusinessCollegeJYTSViewController.m in Sources */,
				2CC1D6A820EB05E10088CFA4 /* AppDelegate.m in Sources */,
				2C1A9ED220ECB56900E21FEA /* CKYSBusinessCollegeSQGLViewController.m in Sources */,
				2CEEBFD920EF44B600CEA7DD /* CKYSExcellentCourseContentCollectionView.m in Sources */,
			);
			runOnlyForDeploymentPostprocessing = 0;
		};
		2CC1D6B720EB05E10088CFA4 /* Sources */ = {
			isa = PBXSourcesBuildPhase;
			buildActionMask = 2147483647;
			files = (
				2CC1D6C020EB05E10088CFA4 /* CKYSTests.m in Sources */,
			);
			runOnlyForDeploymentPostprocessing = 0;
		};
		2CC1D6C220EB05E10088CFA4 /* Sources */ = {
			isa = PBXSourcesBuildPhase;
			buildActionMask = 2147483647;
			files = (
				2CC1D6CB20EB05E10088CFA4 /* CKYSUITests.m in Sources */,
			);
			runOnlyForDeploymentPostprocessing = 0;
		};
/* End PBXSourcesBuildPhase section */

/* Begin PBXTargetDependency section */
		2CC1D6BD20EB05E10088CFA4 /* PBXTargetDependency */ = {
			isa = PBXTargetDependency;
			target = 2CC1D6A220EB05E10088CFA4 /* CKYS */;
			targetProxy = 2CC1D6BC20EB05E10088CFA4 /* PBXContainerItemProxy */;
		};
		2CC1D6C820EB05E10088CFA4 /* PBXTargetDependency */ = {
			isa = PBXTargetDependency;
			target = 2CC1D6A220EB05E10088CFA4 /* CKYS */;
			targetProxy = 2CC1D6C720EB05E10088CFA4 /* PBXContainerItemProxy */;
		};
/* End PBXTargetDependency section */

/* Begin XCBuildConfiguration section */
		2CC1D6CD20EB05E10088CFA4 /* Debug */ = {
			isa = XCBuildConfiguration;
			buildSettings = {
				ALWAYS_SEARCH_USER_PATHS = NO;
				CLANG_ANALYZER_NONNULL = YES;
				CLANG_ANALYZER_NUMBER_OBJECT_CONVERSION = YES_AGGRESSIVE;
				CLANG_CXX_LANGUAGE_STANDARD = "gnu++14";
				CLANG_CXX_LIBRARY = "libc++";
				CLANG_ENABLE_MODULES = YES;
				CLANG_ENABLE_OBJC_ARC = YES;
				CLANG_WARN_BLOCK_CAPTURE_AUTORELEASING = YES;
				CLANG_WARN_BOOL_CONVERSION = YES;
				CLANG_WARN_COMMA = YES;
				CLANG_WARN_CONSTANT_CONVERSION = YES;
				CLANG_WARN_DIRECT_OBJC_ISA_USAGE = YES_ERROR;
				CLANG_WARN_DOCUMENTATION_COMMENTS = YES;
				CLANG_WARN_EMPTY_BODY = YES;
				CLANG_WARN_ENUM_CONVERSION = YES;
				CLANG_WARN_INFINITE_RECURSION = YES;
				CLANG_WARN_INT_CONVERSION = YES;
				CLANG_WARN_NON_LITERAL_NULL_CONVERSION = YES;
				CLANG_WARN_OBJC_LITERAL_CONVERSION = YES;
				CLANG_WARN_OBJC_ROOT_CLASS = YES_ERROR;
				CLANG_WARN_RANGE_LOOP_ANALYSIS = YES;
				CLANG_WARN_STRICT_PROTOTYPES = YES;
				CLANG_WARN_SUSPICIOUS_MOVE = YES;
				CLANG_WARN_UNGUARDED_AVAILABILITY = YES_AGGRESSIVE;
				CLANG_WARN_UNREACHABLE_CODE = YES;
				CLANG_WARN__DUPLICATE_METHOD_MATCH = YES;
				CODE_SIGN_IDENTITY = "iPhone Developer";
				COPY_PHASE_STRIP = NO;
				DEBUG_INFORMATION_FORMAT = dwarf;
				ENABLE_STRICT_OBJC_MSGSEND = YES;
				ENABLE_TESTABILITY = YES;
				GCC_C_LANGUAGE_STANDARD = gnu11;
				GCC_DYNAMIC_NO_PIC = NO;
				GCC_NO_COMMON_BLOCKS = YES;
				GCC_OPTIMIZATION_LEVEL = 0;
				GCC_PREPROCESSOR_DEFINITIONS = (
					"DEBUG=1",
					"$(inherited)",
				);
				GCC_WARN_64_TO_32_BIT_CONVERSION = YES;
				GCC_WARN_ABOUT_RETURN_TYPE = YES_ERROR;
				GCC_WARN_UNDECLARED_SELECTOR = YES;
				GCC_WARN_UNINITIALIZED_AUTOS = YES_AGGRESSIVE;
				GCC_WARN_UNUSED_FUNCTION = YES;
				GCC_WARN_UNUSED_VARIABLE = YES;
				IPHONEOS_DEPLOYMENT_TARGET = 11.2;
				MTL_ENABLE_DEBUG_INFO = YES;
				ONLY_ACTIVE_ARCH = YES;
				SDKROOT = iphoneos;
			};
			name = Debug;
		};
		2CC1D6CE20EB05E10088CFA4 /* Release */ = {
			isa = XCBuildConfiguration;
			buildSettings = {
				ALWAYS_SEARCH_USER_PATHS = NO;
				CLANG_ANALYZER_NONNULL = YES;
				CLANG_ANALYZER_NUMBER_OBJECT_CONVERSION = YES_AGGRESSIVE;
				CLANG_CXX_LANGUAGE_STANDARD = "gnu++14";
				CLANG_CXX_LIBRARY = "libc++";
				CLANG_ENABLE_MODULES = YES;
				CLANG_ENABLE_OBJC_ARC = YES;
				CLANG_WARN_BLOCK_CAPTURE_AUTORELEASING = YES;
				CLANG_WARN_BOOL_CONVERSION = YES;
				CLANG_WARN_COMMA = YES;
				CLANG_WARN_CONSTANT_CONVERSION = YES;
				CLANG_WARN_DIRECT_OBJC_ISA_USAGE = YES_ERROR;
				CLANG_WARN_DOCUMENTATION_COMMENTS = YES;
				CLANG_WARN_EMPTY_BODY = YES;
				CLANG_WARN_ENUM_CONVERSION = YES;
				CLANG_WARN_INFINITE_RECURSION = YES;
				CLANG_WARN_INT_CONVERSION = YES;
				CLANG_WARN_NON_LITERAL_NULL_CONVERSION = YES;
				CLANG_WARN_OBJC_LITERAL_CONVERSION = YES;
				CLANG_WARN_OBJC_ROOT_CLASS = YES_ERROR;
				CLANG_WARN_RANGE_LOOP_ANALYSIS = YES;
				CLANG_WARN_STRICT_PROTOTYPES = YES;
				CLANG_WARN_SUSPICIOUS_MOVE = YES;
				CLANG_WARN_UNGUARDED_AVAILABILITY = YES_AGGRESSIVE;
				CLANG_WARN_UNREACHABLE_CODE = YES;
				CLANG_WARN__DUPLICATE_METHOD_MATCH = YES;
				CODE_SIGN_IDENTITY = "iPhone Developer";
				COPY_PHASE_STRIP = NO;
				DEBUG_INFORMATION_FORMAT = "dwarf-with-dsym";
				ENABLE_NS_ASSERTIONS = NO;
				ENABLE_STRICT_OBJC_MSGSEND = YES;
				GCC_C_LANGUAGE_STANDARD = gnu11;
				GCC_NO_COMMON_BLOCKS = YES;
				GCC_WARN_64_TO_32_BIT_CONVERSION = YES;
				GCC_WARN_ABOUT_RETURN_TYPE = YES_ERROR;
				GCC_WARN_UNDECLARED_SELECTOR = YES;
				GCC_WARN_UNINITIALIZED_AUTOS = YES_AGGRESSIVE;
				GCC_WARN_UNUSED_FUNCTION = YES;
				GCC_WARN_UNUSED_VARIABLE = YES;
				IPHONEOS_DEPLOYMENT_TARGET = 11.2;
				MTL_ENABLE_DEBUG_INFO = NO;
				SDKROOT = iphoneos;
				VALIDATE_PRODUCT = YES;
			};
			name = Release;
		};
		2CC1D6D020EB05E10088CFA4 /* Debug */ = {
			isa = XCBuildConfiguration;
			baseConfigurationReference = 6C1B781BDA07FBA5822D3D3E /* Pods-CKYS.debug.xcconfig */;
			buildSettings = {
				ASSETCATALOG_COMPILER_APPICON_NAME = AppIcon;
				ASSETCATALOG_COMPILER_LAUNCHIMAGE_NAME = LaunchImage;
				"CODE_SIGN_IDENTITY[sdk=iphoneos*]" = "iPhone Developer";
				CODE_SIGN_STYLE = Automatic;
				DEVELOPMENT_TEAM = XY9Y4ECMW6;
				INFOPLIST_FILE = CKYS/Info.plist;
				IPHONEOS_DEPLOYMENT_TARGET = 8.0;
				LD_RUNPATH_SEARCH_PATHS = "$(inherited) @executable_path/Frameworks";
				PRODUCT_BUNDLE_IDENTIFIER = com.ckys.CKYS;
				PRODUCT_NAME = "$(TARGET_NAME)";
				PROVISIONING_PROFILE_SPECIFIER = "";
				TARGETED_DEVICE_FAMILY = 1;
			};
			name = Debug;
		};
		2CC1D6D120EB05E10088CFA4 /* Release */ = {
			isa = XCBuildConfiguration;
			baseConfigurationReference = 575EC7C9280CF5C7FCA1F68A /* Pods-CKYS.release.xcconfig */;
			buildSettings = {
				ASSETCATALOG_COMPILER_APPICON_NAME = AppIcon;
				ASSETCATALOG_COMPILER_LAUNCHIMAGE_NAME = LaunchImage;
				"CODE_SIGN_IDENTITY[sdk=iphoneos*]" = "iPhone Developer";
				CODE_SIGN_STYLE = Automatic;
				DEVELOPMENT_TEAM = XY9Y4ECMW6;
				INFOPLIST_FILE = CKYS/Info.plist;
				IPHONEOS_DEPLOYMENT_TARGET = 8.0;
				LD_RUNPATH_SEARCH_PATHS = "$(inherited) @executable_path/Frameworks";
				PRODUCT_BUNDLE_IDENTIFIER = com.ckys.CKYS;
				PRODUCT_NAME = "$(TARGET_NAME)";
				PROVISIONING_PROFILE_SPECIFIER = "";
				TARGETED_DEVICE_FAMILY = 1;
			};
			name = Release;
		};
		2CC1D6D320EB05E10088CFA4 /* Debug */ = {
			isa = XCBuildConfiguration;
			buildSettings = {
				BUNDLE_LOADER = "$(TEST_HOST)";
				CODE_SIGN_STYLE = Automatic;
				INFOPLIST_FILE = CKYSTests/Info.plist;
				LD_RUNPATH_SEARCH_PATHS = "$(inherited) @executable_path/Frameworks @loader_path/Frameworks";
				PRODUCT_BUNDLE_IDENTIFIER = com.ckys..CKYSTests;
				PRODUCT_NAME = "$(TARGET_NAME)";
				TARGETED_DEVICE_FAMILY = "1,2";
				TEST_HOST = "$(BUILT_PRODUCTS_DIR)/CKYS.app/CKYS";
			};
			name = Debug;
		};
		2CC1D6D420EB05E10088CFA4 /* Release */ = {
			isa = XCBuildConfiguration;
			buildSettings = {
				BUNDLE_LOADER = "$(TEST_HOST)";
				CODE_SIGN_STYLE = Automatic;
				INFOPLIST_FILE = CKYSTests/Info.plist;
				LD_RUNPATH_SEARCH_PATHS = "$(inherited) @executable_path/Frameworks @loader_path/Frameworks";
				PRODUCT_BUNDLE_IDENTIFIER = com.ckys..CKYSTests;
				PRODUCT_NAME = "$(TARGET_NAME)";
				TARGETED_DEVICE_FAMILY = "1,2";
				TEST_HOST = "$(BUILT_PRODUCTS_DIR)/CKYS.app/CKYS";
			};
			name = Release;
		};
		2CC1D6D620EB05E10088CFA4 /* Debug */ = {
			isa = XCBuildConfiguration;
			buildSettings = {
				CODE_SIGN_STYLE = Automatic;
				INFOPLIST_FILE = CKYSUITests/Info.plist;
				LD_RUNPATH_SEARCH_PATHS = "$(inherited) @executable_path/Frameworks @loader_path/Frameworks";
				PRODUCT_BUNDLE_IDENTIFIER = com.ckys..CKYSUITests;
				PRODUCT_NAME = "$(TARGET_NAME)";
				TARGETED_DEVICE_FAMILY = "1,2";
				TEST_TARGET_NAME = CKYS;
			};
			name = Debug;
		};
		2CC1D6D720EB05E10088CFA4 /* Release */ = {
			isa = XCBuildConfiguration;
			buildSettings = {
				CODE_SIGN_STYLE = Automatic;
				INFOPLIST_FILE = CKYSUITests/Info.plist;
				LD_RUNPATH_SEARCH_PATHS = "$(inherited) @executable_path/Frameworks @loader_path/Frameworks";
				PRODUCT_BUNDLE_IDENTIFIER = com.ckys..CKYSUITests;
				PRODUCT_NAME = "$(TARGET_NAME)";
				TARGETED_DEVICE_FAMILY = "1,2";
				TEST_TARGET_NAME = CKYS;
			};
			name = Release;
		};
/* End XCBuildConfiguration section */

/* Begin XCConfigurationList section */
		2CC1D69E20EB05E10088CFA4 /* Build configuration list for PBXProject "CKYS" */ = {
			isa = XCConfigurationList;
			buildConfigurations = (
				2CC1D6CD20EB05E10088CFA4 /* Debug */,
				2CC1D6CE20EB05E10088CFA4 /* Release */,
			);
			defaultConfigurationIsVisible = 0;
			defaultConfigurationName = Release;
		};
		2CC1D6CF20EB05E10088CFA4 /* Build configuration list for PBXNativeTarget "CKYS" */ = {
			isa = XCConfigurationList;
			buildConfigurations = (
				2CC1D6D020EB05E10088CFA4 /* Debug */,
				2CC1D6D120EB05E10088CFA4 /* Release */,
			);
			defaultConfigurationIsVisible = 0;
			defaultConfigurationName = Release;
		};
		2CC1D6D220EB05E10088CFA4 /* Build configuration list for PBXNativeTarget "CKYSTests" */ = {
			isa = XCConfigurationList;
			buildConfigurations = (
				2CC1D6D320EB05E10088CFA4 /* Debug */,
				2CC1D6D420EB05E10088CFA4 /* Release */,
			);
			defaultConfigurationIsVisible = 0;
			defaultConfigurationName = Release;
		};
		2CC1D6D520EB05E10088CFA4 /* Build configuration list for PBXNativeTarget "CKYSUITests" */ = {
			isa = XCConfigurationList;
			buildConfigurations = (
				2CC1D6D620EB05E10088CFA4 /* Debug */,
				2CC1D6D720EB05E10088CFA4 /* Release */,
			);
			defaultConfigurationIsVisible = 0;
			defaultConfigurationName = Release;
		};
/* End XCConfigurationList section */
	};
	rootObject = 2CC1D69B20EB05E10088CFA4 /* Project object */;
}
